// !$*UTF8*$!
{
	archiveVersion = 1;
	classes = {
	};
	objectVersion = 50;
	objects = {

/* Begin PBXBuildFile section */
		0A5815A378FC23691BC8A705 /* Pods_ChartsDemo2.framework in Frameworks */ = {isa = PBXBuildFile; fileRef = C2246EB249D6EB464CFDF838 /* Pods_ChartsDemo2.framework */; };
		1EF62F387FCD9C4489316787 /* Pods_ChartsDemo3.framework in Frameworks */ = {isa = PBXBuildFile; fileRef = EDCA5B2ED3DC7B1FF693DC1D /* Pods_ChartsDemo3.framework */; };
		79ED514812E03C2FF17E0467 /* Pods_ChartsDemo7.framework in Frameworks */ = {isa = PBXBuildFile; fileRef = E0F5AAD5596941866D683318 /* Pods_ChartsDemo7.framework */; };
		A6DE0149DD44969B77569E50 /* Pods_ChartsDemo5.framework in Frameworks */ = {isa = PBXBuildFile; fileRef = 9B93CACF1C92B1C58EA11143 /* Pods_ChartsDemo5.framework */; };
		A70958B2213C162900FA749A /* AppDelegate.swift in Sources */ = {isa = PBXBuildFile; fileRef = A70958B1213C162900FA749A /* AppDelegate.swift */; };
		A70958B4213C162900FA749A /* ViewController.swift in Sources */ = {isa = PBXBuildFile; fileRef = A70958B3213C162900FA749A /* ViewController.swift */; };
		A70958B7213C162900FA749A /* Main.storyboard in Resources */ = {isa = PBXBuildFile; fileRef = A70958B5213C162900FA749A /* Main.storyboard */; };
		A70958B9213C162A00FA749A /* Assets.xcassets in Resources */ = {isa = PBXBuildFile; fileRef = A70958B8213C162A00FA749A /* Assets.xcassets */; };
		A70958BC213C162A00FA749A /* LaunchScreen.storyboard in Resources */ = {isa = PBXBuildFile; fileRef = A70958BA213C162A00FA749A /* LaunchScreen.storyboard */; };
		A70958C9213CE4B000FA749A /* AppDelegate.swift in Sources */ = {isa = PBXBuildFile; fileRef = A70958C8213CE4B000FA749A /* AppDelegate.swift */; };
		A70958CB213CE4B000FA749A /* ViewController.swift in Sources */ = {isa = PBXBuildFile; fileRef = A70958CA213CE4B000FA749A /* ViewController.swift */; };
		A70958CE213CE4B000FA749A /* Main.storyboard in Resources */ = {isa = PBXBuildFile; fileRef = A70958CC213CE4B000FA749A /* Main.storyboard */; };
		A70958D0213CE4B100FA749A /* Assets.xcassets in Resources */ = {isa = PBXBuildFile; fileRef = A70958CF213CE4B100FA749A /* Assets.xcassets */; };
		A70958D3213CE4B100FA749A /* LaunchScreen.storyboard in Resources */ = {isa = PBXBuildFile; fileRef = A70958D1213CE4B100FA749A /* LaunchScreen.storyboard */; };
		A70958E2213D5ADF00FA749A /* AppDelegate.swift in Sources */ = {isa = PBXBuildFile; fileRef = A70958E1213D5ADF00FA749A /* AppDelegate.swift */; };
		A70958E4213D5ADF00FA749A /* ViewController.swift in Sources */ = {isa = PBXBuildFile; fileRef = A70958E3213D5ADF00FA749A /* ViewController.swift */; };
		A70958E7213D5ADF00FA749A /* Main.storyboard in Resources */ = {isa = PBXBuildFile; fileRef = A70958E5213D5ADF00FA749A /* Main.storyboard */; };
		A70958E9213D5AE000FA749A /* Assets.xcassets in Resources */ = {isa = PBXBuildFile; fileRef = A70958E8213D5AE000FA749A /* Assets.xcassets */; };
		A70958EC213D5AE000FA749A /* LaunchScreen.storyboard in Resources */ = {isa = PBXBuildFile; fileRef = A70958EA213D5AE000FA749A /* LaunchScreen.storyboard */; };
		A710F8E3213D5DA700039D41 /* BalloonMarker.swift in Sources */ = {isa = PBXBuildFile; fileRef = A710F8E2213D5DA700039D41 /* BalloonMarker.swift */; };
		A75B2834212D46DF0034C996 /* AppDelegate.swift in Sources */ = {isa = PBXBuildFile; fileRef = A75B2833212D46DF0034C996 /* AppDelegate.swift */; };
		A75B2836212D46DF0034C996 /* ViewController.swift in Sources */ = {isa = PBXBuildFile; fileRef = A75B2835212D46DF0034C996 /* ViewController.swift */; };
		A75B2839212D46DF0034C996 /* Main.storyboard in Resources */ = {isa = PBXBuildFile; fileRef = A75B2837212D46DF0034C996 /* Main.storyboard */; };
		A75B283B212D46E00034C996 /* Assets.xcassets in Resources */ = {isa = PBXBuildFile; fileRef = A75B283A212D46E00034C996 /* Assets.xcassets */; };
		A75B283E212D46E00034C996 /* LaunchScreen.storyboard in Resources */ = {isa = PBXBuildFile; fileRef = A75B283C212D46E00034C996 /* LaunchScreen.storyboard */; };
		A791EAD12132AA4400B26DD2 /* AppDelegate.swift in Sources */ = {isa = PBXBuildFile; fileRef = A791EAD02132AA4400B26DD2 /* AppDelegate.swift */; };
		A791EAD32132AA4400B26DD2 /* ViewController.swift in Sources */ = {isa = PBXBuildFile; fileRef = A791EAD22132AA4400B26DD2 /* ViewController.swift */; };
		A791EAD62132AA4400B26DD2 /* Main.storyboard in Resources */ = {isa = PBXBuildFile; fileRef = A791EAD42132AA4400B26DD2 /* Main.storyboard */; };
		A791EAD82132AA4400B26DD2 /* Assets.xcassets in Resources */ = {isa = PBXBuildFile; fileRef = A791EAD72132AA4400B26DD2 /* Assets.xcassets */; };
		A791EADB2132AA4400B26DD2 /* LaunchScreen.storyboard in Resources */ = {isa = PBXBuildFile; fileRef = A791EAD92132AA4400B26DD2 /* LaunchScreen.storyboard */; };
		A791EAE12132ADA400B26DD2 /* OneViewController.swift in Sources */ = {isa = PBXBuildFile; fileRef = A791EAE02132ADA400B26DD2 /* OneViewController.swift */; };
		A7A8A49B2139249D00D307EF /* AppDelegate.swift in Sources */ = {isa = PBXBuildFile; fileRef = A7A8A49A2139249D00D307EF /* AppDelegate.swift */; };
		A7A8A49D2139249D00D307EF /* ViewController.swift in Sources */ = {isa = PBXBuildFile; fileRef = A7A8A49C2139249D00D307EF /* ViewController.swift */; };
		A7A8A4A02139249D00D307EF /* Main.storyboard in Resources */ = {isa = PBXBuildFile; fileRef = A7A8A49E2139249D00D307EF /* Main.storyboard */; };
		A7A8A4A22139249E00D307EF /* Assets.xcassets in Resources */ = {isa = PBXBuildFile; fileRef = A7A8A4A12139249E00D307EF /* Assets.xcassets */; };
		A7A8A4A52139249E00D307EF /* LaunchScreen.storyboard in Resources */ = {isa = PBXBuildFile; fileRef = A7A8A4A32139249E00D307EF /* LaunchScreen.storyboard */; };
		A7F3E8C1212FE5CB0034847D /* AppDelegate.swift in Sources */ = {isa = PBXBuildFile; fileRef = A7F3E8C0212FE5CB0034847D /* AppDelegate.swift */; };
		A7F3E8C3212FE5CB0034847D /* ViewController.swift in Sources */ = {isa = PBXBuildFile; fileRef = A7F3E8C2212FE5CB0034847D /* ViewController.swift */; };
		A7F3E8C6212FE5CB0034847D /* Main.storyboard in Resources */ = {isa = PBXBuildFile; fileRef = A7F3E8C4212FE5CB0034847D /* Main.storyboard */; };
		A7F3E8C8212FE5CB0034847D /* Assets.xcassets in Resources */ = {isa = PBXBuildFile; fileRef = A7F3E8C7212FE5CB0034847D /* Assets.xcassets */; };
		A7F3E8CB212FE5CB0034847D /* LaunchScreen.storyboard in Resources */ = {isa = PBXBuildFile; fileRef = A7F3E8C9212FE5CB0034847D /* LaunchScreen.storyboard */; };
		A7F3E9062130472E0034847D /* AppDelegate.swift in Sources */ = {isa = PBXBuildFile; fileRef = A7F3E9052130472E0034847D /* AppDelegate.swift */; };
		A7F3E9082130472E0034847D /* ViewController.swift in Sources */ = {isa = PBXBuildFile; fileRef = A7F3E9072130472E0034847D /* ViewController.swift */; };
		A7F3E90B2130472E0034847D /* Main.storyboard in Resources */ = {isa = PBXBuildFile; fileRef = A7F3E9092130472E0034847D /* Main.storyboard */; };
		A7F3E90D2130472E0034847D /* Assets.xcassets in Resources */ = {isa = PBXBuildFile; fileRef = A7F3E90C2130472E0034847D /* Assets.xcassets */; };
		A7F3E9102130472E0034847D /* LaunchScreen.storyboard in Resources */ = {isa = PBXBuildFile; fileRef = A7F3E90E2130472E0034847D /* LaunchScreen.storyboard */; };
		A7F3E91621305D090034847D /* OneViewController.swift in Sources */ = {isa = PBXBuildFile; fileRef = A7F3E91521305D090034847D /* OneViewController.swift */; };
		C899D9F212DB8384AF0B1980 /* Pods_ChartsDemo4.framework in Frameworks */ = {isa = PBXBuildFile; fileRef = 49ECB2F8BFA2FB22F5409810 /* Pods_ChartsDemo4.framework */; };
		CECBCA9918A3A419BEC41461 /* Pods_ChartsDemo.framework in Frameworks */ = {isa = PBXBuildFile; fileRef = 42A92D4D18F5B5F3D6F600EB /* Pods_ChartsDemo.framework */; };
		D52803479FFE77401AC6B951 /* Pods_ChartsDemo6.framework in Frameworks */ = {isa = PBXBuildFile; fileRef = CABBBF609ACB1B921795D26C /* Pods_ChartsDemo6.framework */; };
		EDCDF53969DEF8E12F2BCC52 /* Pods_ChartsDemo1.framework in Frameworks */ = {isa = PBXBuildFile; fileRef = 4C1E1325CD3DC50BC31E99D4 /* Pods_ChartsDemo1.framework */; };
/* End PBXBuildFile section */

/* Begin PBXFileReference section */
		01F59207A03CB08CEF9324C8 /* Pods-ChartsDemo.debug.xcconfig */ = {isa = PBXFileReference; includeInIndex = 1; lastKnownFileType = text.xcconfig; name = "Pods-ChartsDemo.debug.xcconfig"; path = "Pods/Target Support Files/Pods-ChartsDemo/Pods-ChartsDemo.debug.xcconfig"; sourceTree = "<group>"; };
		17004CE28C27B75AE6A18291 /* Pods-ChartsDemo5.release.xcconfig */ = {isa = PBXFileReference; includeInIndex = 1; lastKnownFileType = text.xcconfig; name = "Pods-ChartsDemo5.release.xcconfig"; path = "Pods/Target Support Files/Pods-ChartsDemo5/Pods-ChartsDemo5.release.xcconfig"; sourceTree = "<group>"; };
		200795ED43C2EB5520E3AC1A /* Pods-ChartsDemo4.debug.xcconfig */ = {isa = PBXFileReference; includeInIndex = 1; lastKnownFileType = text.xcconfig; name = "Pods-ChartsDemo4.debug.xcconfig"; path = "Pods/Target Support Files/Pods-ChartsDemo4/Pods-ChartsDemo4.debug.xcconfig"; sourceTree = "<group>"; };
		26483E1B46928924F72EAC93 /* Pods-ChartsDemo6.release.xcconfig */ = {isa = PBXFileReference; includeInIndex = 1; lastKnownFileType = text.xcconfig; name = "Pods-ChartsDemo6.release.xcconfig"; path = "Pods/Target Support Files/Pods-ChartsDemo6/Pods-ChartsDemo6.release.xcconfig"; sourceTree = "<group>"; };
		27D267F4D0D7D39782E3F04B /* Pods-ChartsDemo4.release.xcconfig */ = {isa = PBXFileReference; includeInIndex = 1; lastKnownFileType = text.xcconfig; name = "Pods-ChartsDemo4.release.xcconfig"; path = "Pods/Target Support Files/Pods-ChartsDemo4/Pods-ChartsDemo4.release.xcconfig"; sourceTree = "<group>"; };
		31895FE5BD8C7008BAE58808 /* Pods-ChartsDemo.release.xcconfig */ = {isa = PBXFileReference; includeInIndex = 1; lastKnownFileType = text.xcconfig; name = "Pods-ChartsDemo.release.xcconfig"; path = "Pods/Target Support Files/Pods-ChartsDemo/Pods-ChartsDemo.release.xcconfig"; sourceTree = "<group>"; };
		3EEC4DA8030C7DC64EECC2BF /* Pods-ChartsDemo1.debug.xcconfig */ = {isa = PBXFileReference; includeInIndex = 1; lastKnownFileType = text.xcconfig; name = "Pods-ChartsDemo1.debug.xcconfig"; path = "Pods/Target Support Files/Pods-ChartsDemo1/Pods-ChartsDemo1.debug.xcconfig"; sourceTree = "<group>"; };
		42A92D4D18F5B5F3D6F600EB /* Pods_ChartsDemo.framework */ = {isa = PBXFileReference; explicitFileType = wrapper.framework; includeInIndex = 0; path = Pods_ChartsDemo.framework; sourceTree = BUILT_PRODUCTS_DIR; };
		4820E34435AEF1ADFF56A7D8 /* Pods-ChartsDemo3.release.xcconfig */ = {isa = PBXFileReference; includeInIndex = 1; lastKnownFileType = text.xcconfig; name = "Pods-ChartsDemo3.release.xcconfig"; path = "Pods/Target Support Files/Pods-ChartsDemo3/Pods-ChartsDemo3.release.xcconfig"; sourceTree = "<group>"; };
		49ECB2F8BFA2FB22F5409810 /* Pods_ChartsDemo4.framework */ = {isa = PBXFileReference; explicitFileType = wrapper.framework; includeInIndex = 0; path = Pods_ChartsDemo4.framework; sourceTree = BUILT_PRODUCTS_DIR; };
		4C1E1325CD3DC50BC31E99D4 /* Pods_ChartsDemo1.framework */ = {isa = PBXFileReference; explicitFileType = wrapper.framework; includeInIndex = 0; path = Pods_ChartsDemo1.framework; sourceTree = BUILT_PRODUCTS_DIR; };
		5931FED8C4EAF41DE8974955 /* Pods-ChartsDemo2.debug.xcconfig */ = {isa = PBXFileReference; includeInIndex = 1; lastKnownFileType = text.xcconfig; name = "Pods-ChartsDemo2.debug.xcconfig"; path = "Pods/Target Support Files/Pods-ChartsDemo2/Pods-ChartsDemo2.debug.xcconfig"; sourceTree = "<group>"; };
		70BEB9A29CB5FD30E040EEE5 /* Pods-ChartsDemo1.release.xcconfig */ = {isa = PBXFileReference; includeInIndex = 1; lastKnownFileType = text.xcconfig; name = "Pods-ChartsDemo1.release.xcconfig"; path = "Pods/Target Support Files/Pods-ChartsDemo1/Pods-ChartsDemo1.release.xcconfig"; sourceTree = "<group>"; };
		72E7812F7021D0552F0D4424 /* Pods-ChartsDemo7.debug.xcconfig */ = {isa = PBXFileReference; includeInIndex = 1; lastKnownFileType = text.xcconfig; name = "Pods-ChartsDemo7.debug.xcconfig"; path = "Pods/Target Support Files/Pods-ChartsDemo7/Pods-ChartsDemo7.debug.xcconfig"; sourceTree = "<group>"; };
		78C3F42CB4E5B112D419517C /* Pods-ChartsDemo5.debug.xcconfig */ = {isa = PBXFileReference; includeInIndex = 1; lastKnownFileType = text.xcconfig; name = "Pods-ChartsDemo5.debug.xcconfig"; path = "Pods/Target Support Files/Pods-ChartsDemo5/Pods-ChartsDemo5.debug.xcconfig"; sourceTree = "<group>"; };
		999587BF2AB393FCDEB710EC /* Pods-ChartsDemo7.release.xcconfig */ = {isa = PBXFileReference; includeInIndex = 1; lastKnownFileType = text.xcconfig; name = "Pods-ChartsDemo7.release.xcconfig"; path = "Pods/Target Support Files/Pods-ChartsDemo7/Pods-ChartsDemo7.release.xcconfig"; sourceTree = "<group>"; };
		9B93CACF1C92B1C58EA11143 /* Pods_ChartsDemo5.framework */ = {isa = PBXFileReference; explicitFileType = wrapper.framework; includeInIndex = 0; path = Pods_ChartsDemo5.framework; sourceTree = BUILT_PRODUCTS_DIR; };
		A70958AF213C162900FA749A /* ChartsDemo5.app */ = {isa = PBXFileReference; explicitFileType = wrapper.application; includeInIndex = 0; path = ChartsDemo5.app; sourceTree = BUILT_PRODUCTS_DIR; };
		A70958B1213C162900FA749A /* AppDelegate.swift */ = {isa = PBXFileReference; lastKnownFileType = sourcecode.swift; path = AppDelegate.swift; sourceTree = "<group>"; };
		A70958B3213C162900FA749A /* ViewController.swift */ = {isa = PBXFileReference; lastKnownFileType = sourcecode.swift; path = ViewController.swift; sourceTree = "<group>"; };
		A70958B6213C162900FA749A /* Base */ = {isa = PBXFileReference; lastKnownFileType = file.storyboard; name = Base; path = Base.lproj/Main.storyboard; sourceTree = "<group>"; };
		A70958B8213C162A00FA749A /* Assets.xcassets */ = {isa = PBXFileReference; lastKnownFileType = folder.assetcatalog; path = Assets.xcassets; sourceTree = "<group>"; };
		A70958BB213C162A00FA749A /* Base */ = {isa = PBXFileReference; lastKnownFileType = file.storyboard; name = Base; path = Base.lproj/LaunchScreen.storyboard; sourceTree = "<group>"; };
		A70958BD213C162A00FA749A /* Info.plist */ = {isa = PBXFileReference; lastKnownFileType = text.plist.xml; path = Info.plist; sourceTree = "<group>"; };
		A70958C6213CE4B000FA749A /* ChartsDemo6.app */ = {isa = PBXFileReference; explicitFileType = wrapper.application; includeInIndex = 0; path = ChartsDemo6.app; sourceTree = BUILT_PRODUCTS_DIR; };
		A70958C8213CE4B000FA749A /* AppDelegate.swift */ = {isa = PBXFileReference; lastKnownFileType = sourcecode.swift; path = AppDelegate.swift; sourceTree = "<group>"; };
		A70958CA213CE4B000FA749A /* ViewController.swift */ = {isa = PBXFileReference; lastKnownFileType = sourcecode.swift; path = ViewController.swift; sourceTree = "<group>"; };
		A70958CD213CE4B000FA749A /* Base */ = {isa = PBXFileReference; lastKnownFileType = file.storyboard; name = Base; path = Base.lproj/Main.storyboard; sourceTree = "<group>"; };
		A70958CF213CE4B100FA749A /* Assets.xcassets */ = {isa = PBXFileReference; lastKnownFileType = folder.assetcatalog; path = Assets.xcassets; sourceTree = "<group>"; };
		A70958D2213CE4B100FA749A /* Base */ = {isa = PBXFileReference; lastKnownFileType = file.storyboard; name = Base; path = Base.lproj/LaunchScreen.storyboard; sourceTree = "<group>"; };
		A70958D4213CE4B100FA749A /* Info.plist */ = {isa = PBXFileReference; lastKnownFileType = text.plist.xml; path = Info.plist; sourceTree = "<group>"; };
		A70958DF213D5ADF00FA749A /* ChartsDemo7.app */ = {isa = PBXFileReference; explicitFileType = wrapper.application; includeInIndex = 0; path = ChartsDemo7.app; sourceTree = BUILT_PRODUCTS_DIR; };
		A70958E1213D5ADF00FA749A /* AppDelegate.swift */ = {isa = PBXFileReference; lastKnownFileType = sourcecode.swift; path = AppDelegate.swift; sourceTree = "<group>"; };
		A70958E3213D5ADF00FA749A /* ViewController.swift */ = {isa = PBXFileReference; lastKnownFileType = sourcecode.swift; path = ViewController.swift; sourceTree = "<group>"; };
		A70958E6213D5ADF00FA749A /* Base */ = {isa = PBXFileReference; lastKnownFileType = file.storyboard; name = Base; path = Base.lproj/Main.storyboard; sourceTree = "<group>"; };
		A70958E8213D5AE000FA749A /* Assets.xcassets */ = {isa = PBXFileReference; lastKnownFileType = folder.assetcatalog; path = Assets.xcassets; sourceTree = "<group>"; };
		A70958EB213D5AE000FA749A /* Base */ = {isa = PBXFileReference; lastKnownFileType = file.storyboard; name = Base; path = Base.lproj/LaunchScreen.storyboard; sourceTree = "<group>"; };
		A70958ED213D5AE000FA749A /* Info.plist */ = {isa = PBXFileReference; lastKnownFileType = text.plist.xml; path = Info.plist; sourceTree = "<group>"; };
		A710F8E2213D5DA700039D41 /* BalloonMarker.swift */ = {isa = PBXFileReference; lastKnownFileType = sourcecode.swift; path = BalloonMarker.swift; sourceTree = "<group>"; };
		A722FD91E3A1B7BDE5EA1A81 /* Pods-ChartsDemo6.debug.xcconfig */ = {isa = PBXFileReference; includeInIndex = 1; lastKnownFileType = text.xcconfig; name = "Pods-ChartsDemo6.debug.xcconfig"; path = "Pods/Target Support Files/Pods-ChartsDemo6/Pods-ChartsDemo6.debug.xcconfig"; sourceTree = "<group>"; };
		A75B2830212D46DE0034C996 /* ChartsDemo.app */ = {isa = PBXFileReference; explicitFileType = wrapper.application; includeInIndex = 0; path = ChartsDemo.app; sourceTree = BUILT_PRODUCTS_DIR; };
		A75B2833212D46DF0034C996 /* AppDelegate.swift */ = {isa = PBXFileReference; lastKnownFileType = sourcecode.swift; path = AppDelegate.swift; sourceTree = "<group>"; };
		A75B2835212D46DF0034C996 /* ViewController.swift */ = {isa = PBXFileReference; lastKnownFileType = sourcecode.swift; path = ViewController.swift; sourceTree = "<group>"; };
		A75B2838212D46DF0034C996 /* Base */ = {isa = PBXFileReference; lastKnownFileType = file.storyboard; name = Base; path = Base.lproj/Main.storyboard; sourceTree = "<group>"; };
		A75B283A212D46E00034C996 /* Assets.xcassets */ = {isa = PBXFileReference; lastKnownFileType = folder.assetcatalog; path = Assets.xcassets; sourceTree = "<group>"; };
		A75B283D212D46E00034C996 /* Base */ = {isa = PBXFileReference; lastKnownFileType = file.storyboard; name = Base; path = Base.lproj/LaunchScreen.storyboard; sourceTree = "<group>"; };
		A75B283F212D46E00034C996 /* Info.plist */ = {isa = PBXFileReference; lastKnownFileType = text.plist.xml; path = Info.plist; sourceTree = "<group>"; };
		A791EACE2132AA4400B26DD2 /* ChartsDemo3.app */ = {isa = PBXFileReference; explicitFileType = wrapper.application; includeInIndex = 0; path = ChartsDemo3.app; sourceTree = BUILT_PRODUCTS_DIR; };
		A791EAD02132AA4400B26DD2 /* AppDelegate.swift */ = {isa = PBXFileReference; lastKnownFileType = sourcecode.swift; path = AppDelegate.swift; sourceTree = "<group>"; };
		A791EAD22132AA4400B26DD2 /* ViewController.swift */ = {isa = PBXFileReference; lastKnownFileType = sourcecode.swift; path = ViewController.swift; sourceTree = "<group>"; };
		A791EAD52132AA4400B26DD2 /* Base */ = {isa = PBXFileReference; lastKnownFileType = file.storyboard; name = Base; path = Base.lproj/Main.storyboard; sourceTree = "<group>"; };
		A791EAD72132AA4400B26DD2 /* Assets.xcassets */ = {isa = PBXFileReference; lastKnownFileType = folder.assetcatalog; path = Assets.xcassets; sourceTree = "<group>"; };
		A791EADA2132AA4400B26DD2 /* Base */ = {isa = PBXFileReference; lastKnownFileType = file.storyboard; name = Base; path = Base.lproj/LaunchScreen.storyboard; sourceTree = "<group>"; };
		A791EADC2132AA4400B26DD2 /* Info.plist */ = {isa = PBXFileReference; lastKnownFileType = text.plist.xml; path = Info.plist; sourceTree = "<group>"; };
		A791EAE02132ADA400B26DD2 /* OneViewController.swift */ = {isa = PBXFileReference; lastKnownFileType = sourcecode.swift; path = OneViewController.swift; sourceTree = "<group>"; };
		A7A8A4982139249D00D307EF /* ChartsDemo4.app */ = {isa = PBXFileReference; explicitFileType = wrapper.application; includeInIndex = 0; path = ChartsDemo4.app; sourceTree = BUILT_PRODUCTS_DIR; };
		A7A8A49A2139249D00D307EF /* AppDelegate.swift */ = {isa = PBXFileReference; lastKnownFileType = sourcecode.swift; path = AppDelegate.swift; sourceTree = "<group>"; };
		A7A8A49C2139249D00D307EF /* ViewController.swift */ = {isa = PBXFileReference; lastKnownFileType = sourcecode.swift; path = ViewController.swift; sourceTree = "<group>"; };
		A7A8A49F2139249D00D307EF /* Base */ = {isa = PBXFileReference; lastKnownFileType = file.storyboard; name = Base; path = Base.lproj/Main.storyboard; sourceTree = "<group>"; };
		A7A8A4A12139249E00D307EF /* Assets.xcassets */ = {isa = PBXFileReference; lastKnownFileType = folder.assetcatalog; path = Assets.xcassets; sourceTree = "<group>"; };
		A7A8A4A42139249E00D307EF /* Base */ = {isa = PBXFileReference; lastKnownFileType = file.storyboard; name = Base; path = Base.lproj/LaunchScreen.storyboard; sourceTree = "<group>"; };
		A7A8A4A62139249E00D307EF /* Info.plist */ = {isa = PBXFileReference; lastKnownFileType = text.plist.xml; path = Info.plist; sourceTree = "<group>"; };
		A7F3E8BE212FE5CA0034847D /* ChartsDemo1.app */ = {isa = PBXFileReference; explicitFileType = wrapper.application; includeInIndex = 0; path = ChartsDemo1.app; sourceTree = BUILT_PRODUCTS_DIR; };
		A7F3E8C0212FE5CB0034847D /* AppDelegate.swift */ = {isa = PBXFileReference; lastKnownFileType = sourcecode.swift; path = AppDelegate.swift; sourceTree = "<group>"; };
		A7F3E8C2212FE5CB0034847D /* ViewController.swift */ = {isa = PBXFileReference; lastKnownFileType = sourcecode.swift; path = ViewController.swift; sourceTree = "<group>"; };
		A7F3E8C5212FE5CB0034847D /* Base */ = {isa = PBXFileReference; lastKnownFileType = file.storyboard; name = Base; path = Base.lproj/Main.storyboard; sourceTree = "<group>"; };
		A7F3E8C7212FE5CB0034847D /* Assets.xcassets */ = {isa = PBXFileReference; lastKnownFileType = folder.assetcatalog; path = Assets.xcassets; sourceTree = "<group>"; };
		A7F3E8CA212FE5CB0034847D /* Base */ = {isa = PBXFileReference; lastKnownFileType = file.storyboard; name = Base; path = Base.lproj/LaunchScreen.storyboard; sourceTree = "<group>"; };
		A7F3E8CC212FE5CB0034847D /* Info.plist */ = {isa = PBXFileReference; lastKnownFileType = text.plist.xml; path = Info.plist; sourceTree = "<group>"; };
		A7F3E9032130472D0034847D /* ChartsDemo2.app */ = {isa = PBXFileReference; explicitFileType = wrapper.application; includeInIndex = 0; path = ChartsDemo2.app; sourceTree = BUILT_PRODUCTS_DIR; };
		A7F3E9052130472E0034847D /* AppDelegate.swift */ = {isa = PBXFileReference; lastKnownFileType = sourcecode.swift; path = AppDelegate.swift; sourceTree = "<group>"; };
		A7F3E9072130472E0034847D /* ViewController.swift */ = {isa = PBXFileReference; lastKnownFileType = sourcecode.swift; path = ViewController.swift; sourceTree = "<group>"; };
		A7F3E90A2130472E0034847D /* Base */ = {isa = PBXFileReference; lastKnownFileType = file.storyboard; name = Base; path = Base.lproj/Main.storyboard; sourceTree = "<group>"; };
		A7F3E90C2130472E0034847D /* Assets.xcassets */ = {isa = PBXFileReference; lastKnownFileType = folder.assetcatalog; path = Assets.xcassets; sourceTree = "<group>"; };
		A7F3E90F2130472E0034847D /* Base */ = {isa = PBXFileReference; lastKnownFileType = file.storyboard; name = Base; path = Base.lproj/LaunchScreen.storyboard; sourceTree = "<group>"; };
		A7F3E9112130472E0034847D /* Info.plist */ = {isa = PBXFileReference; lastKnownFileType = text.plist.xml; path = Info.plist; sourceTree = "<group>"; };
		A7F3E91521305D090034847D /* OneViewController.swift */ = {isa = PBXFileReference; lastKnownFileType = sourcecode.swift; path = OneViewController.swift; sourceTree = "<group>"; };
		B074152F9D8FB1D8649670B2 /* Pods-ChartsDemo3.debug.xcconfig */ = {isa = PBXFileReference; includeInIndex = 1; lastKnownFileType = text.xcconfig; name = "Pods-ChartsDemo3.debug.xcconfig"; path = "Pods/Target Support Files/Pods-ChartsDemo3/Pods-ChartsDemo3.debug.xcconfig"; sourceTree = "<group>"; };
		B46EB838827820ED999C89C1 /* Pods-ChartsDemo2.release.xcconfig */ = {isa = PBXFileReference; includeInIndex = 1; lastKnownFileType = text.xcconfig; name = "Pods-ChartsDemo2.release.xcconfig"; path = "Pods/Target Support Files/Pods-ChartsDemo2/Pods-ChartsDemo2.release.xcconfig"; sourceTree = "<group>"; };
		C2246EB249D6EB464CFDF838 /* Pods_ChartsDemo2.framework */ = {isa = PBXFileReference; explicitFileType = wrapper.framework; includeInIndex = 0; path = Pods_ChartsDemo2.framework; sourceTree = BUILT_PRODUCTS_DIR; };
		CABBBF609ACB1B921795D26C /* Pods_ChartsDemo6.framework */ = {isa = PBXFileReference; explicitFileType = wrapper.framework; includeInIndex = 0; path = Pods_ChartsDemo6.framework; sourceTree = BUILT_PRODUCTS_DIR; };
		E0F5AAD5596941866D683318 /* Pods_ChartsDemo7.framework */ = {isa = PBXFileReference; explicitFileType = wrapper.framework; includeInIndex = 0; path = Pods_ChartsDemo7.framework; sourceTree = BUILT_PRODUCTS_DIR; };
		EDCA5B2ED3DC7B1FF693DC1D /* Pods_ChartsDemo3.framework */ = {isa = PBXFileReference; explicitFileType = wrapper.framework; includeInIndex = 0; path = Pods_ChartsDemo3.framework; sourceTree = BUILT_PRODUCTS_DIR; };
/* End PBXFileReference section */

/* Begin PBXFrameworksBuildPhase section */
		A70958AC213C162900FA749A /* Frameworks */ = {
			isa = PBXFrameworksBuildPhase;
			buildActionMask = 2147483647;
			files = (
				A6DE0149DD44969B77569E50 /* Pods_ChartsDemo5.framework in Frameworks */,
			);
			runOnlyForDeploymentPostprocessing = 0;
		};
		A70958C3213CE4B000FA749A /* Frameworks */ = {
			isa = PBXFrameworksBuildPhase;
			buildActionMask = 2147483647;
			files = (
				D52803479FFE77401AC6B951 /* Pods_ChartsDemo6.framework in Frameworks */,
			);
			runOnlyForDeploymentPostprocessing = 0;
		};
		A70958DC213D5ADF00FA749A /* Frameworks */ = {
			isa = PBXFrameworksBuildPhase;
			buildActionMask = 2147483647;
			files = (
				79ED514812E03C2FF17E0467 /* Pods_ChartsDemo7.framework in Frameworks */,
			);
			runOnlyForDeploymentPostprocessing = 0;
		};
		A75B282D212D46DE0034C996 /* Frameworks */ = {
			isa = PBXFrameworksBuildPhase;
			buildActionMask = 2147483647;
			files = (
				CECBCA9918A3A419BEC41461 /* Pods_ChartsDemo.framework in Frameworks */,
			);
			runOnlyForDeploymentPostprocessing = 0;
		};
		A791EACB2132AA4400B26DD2 /* Frameworks */ = {
			isa = PBXFrameworksBuildPhase;
			buildActionMask = 2147483647;
			files = (
				1EF62F387FCD9C4489316787 /* Pods_ChartsDemo3.framework in Frameworks */,
			);
			runOnlyForDeploymentPostprocessing = 0;
		};
		A7A8A4952139249D00D307EF /* Frameworks */ = {
			isa = PBXFrameworksBuildPhase;
			buildActionMask = 2147483647;
			files = (
				C899D9F212DB8384AF0B1980 /* Pods_ChartsDemo4.framework in Frameworks */,
			);
			runOnlyForDeploymentPostprocessing = 0;
		};
		A7F3E8BB212FE5CA0034847D /* Frameworks */ = {
			isa = PBXFrameworksBuildPhase;
			buildActionMask = 2147483647;
			files = (
				EDCDF53969DEF8E12F2BCC52 /* Pods_ChartsDemo1.framework in Frameworks */,
			);
			runOnlyForDeploymentPostprocessing = 0;
		};
		A7F3E9002130472D0034847D /* Frameworks */ = {
			isa = PBXFrameworksBuildPhase;
			buildActionMask = 2147483647;
			files = (
				0A5815A378FC23691BC8A705 /* Pods_ChartsDemo2.framework in Frameworks */,
			);
			runOnlyForDeploymentPostprocessing = 0;
		};
/* End PBXFrameworksBuildPhase section */

/* Begin PBXGroup section */
		4AE9F206EA21CA5A9C1A1288 /* Pods */ = {
			isa = PBXGroup;
			children = (
				01F59207A03CB08CEF9324C8 /* Pods-ChartsDemo.debug.xcconfig */,
				31895FE5BD8C7008BAE58808 /* Pods-ChartsDemo.release.xcconfig */,
				3EEC4DA8030C7DC64EECC2BF /* Pods-ChartsDemo1.debug.xcconfig */,
				70BEB9A29CB5FD30E040EEE5 /* Pods-ChartsDemo1.release.xcconfig */,
				5931FED8C4EAF41DE8974955 /* Pods-ChartsDemo2.debug.xcconfig */,
				B46EB838827820ED999C89C1 /* Pods-ChartsDemo2.release.xcconfig */,
				B074152F9D8FB1D8649670B2 /* Pods-ChartsDemo3.debug.xcconfig */,
				4820E34435AEF1ADFF56A7D8 /* Pods-ChartsDemo3.release.xcconfig */,
				200795ED43C2EB5520E3AC1A /* Pods-ChartsDemo4.debug.xcconfig */,
				27D267F4D0D7D39782E3F04B /* Pods-ChartsDemo4.release.xcconfig */,
				78C3F42CB4E5B112D419517C /* Pods-ChartsDemo5.debug.xcconfig */,
				17004CE28C27B75AE6A18291 /* Pods-ChartsDemo5.release.xcconfig */,
				A722FD91E3A1B7BDE5EA1A81 /* Pods-ChartsDemo6.debug.xcconfig */,
				26483E1B46928924F72EAC93 /* Pods-ChartsDemo6.release.xcconfig */,
				72E7812F7021D0552F0D4424 /* Pods-ChartsDemo7.debug.xcconfig */,
				999587BF2AB393FCDEB710EC /* Pods-ChartsDemo7.release.xcconfig */,
			);
			name = Pods;
			sourceTree = "<group>";
		};
		6B5D98E884B13A19EF5C55CC /* Frameworks */ = {
			isa = PBXGroup;
			children = (
				42A92D4D18F5B5F3D6F600EB /* Pods_ChartsDemo.framework */,
				4C1E1325CD3DC50BC31E99D4 /* Pods_ChartsDemo1.framework */,
				C2246EB249D6EB464CFDF838 /* Pods_ChartsDemo2.framework */,
				EDCA5B2ED3DC7B1FF693DC1D /* Pods_ChartsDemo3.framework */,
				49ECB2F8BFA2FB22F5409810 /* Pods_ChartsDemo4.framework */,
				9B93CACF1C92B1C58EA11143 /* Pods_ChartsDemo5.framework */,
				CABBBF609ACB1B921795D26C /* Pods_ChartsDemo6.framework */,
				E0F5AAD5596941866D683318 /* Pods_ChartsDemo7.framework */,
			);
			name = Frameworks;
			sourceTree = "<group>";
		};
		A70958B0213C162900FA749A /* ChartsDemo5 */ = {
			isa = PBXGroup;
			children = (
				A70958B1213C162900FA749A /* AppDelegate.swift */,
				A70958B3213C162900FA749A /* ViewController.swift */,
				A70958B5213C162900FA749A /* Main.storyboard */,
				A70958B8213C162A00FA749A /* Assets.xcassets */,
				A70958BA213C162A00FA749A /* LaunchScreen.storyboard */,
				A70958BD213C162A00FA749A /* Info.plist */,
			);
			path = ChartsDemo5;
			sourceTree = "<group>";
		};
		A70958C7213CE4B000FA749A /* ChartsDemo6 */ = {
			isa = PBXGroup;
			children = (
				A70958C8213CE4B000FA749A /* AppDelegate.swift */,
				A70958CA213CE4B000FA749A /* ViewController.swift */,
				A70958CC213CE4B000FA749A /* Main.storyboard */,
				A70958CF213CE4B100FA749A /* Assets.xcassets */,
				A70958D1213CE4B100FA749A /* LaunchScreen.storyboard */,
				A70958D4213CE4B100FA749A /* Info.plist */,
			);
			path = ChartsDemo6;
			sourceTree = "<group>";
		};
		A70958E0213D5ADF00FA749A /* ChartsDemo7 */ = {
			isa = PBXGroup;
			children = (
				A70958E1213D5ADF00FA749A /* AppDelegate.swift */,
				A70958E3213D5ADF00FA749A /* ViewController.swift */,
				A710F8E2213D5DA700039D41 /* BalloonMarker.swift */,
				A70958E5213D5ADF00FA749A /* Main.storyboard */,
				A70958E8213D5AE000FA749A /* Assets.xcassets */,
				A70958EA213D5AE000FA749A /* LaunchScreen.storyboard */,
				A70958ED213D5AE000FA749A /* Info.plist */,
			);
			path = ChartsDemo7;
			sourceTree = "<group>";
		};
		A75B2827212D46DE0034C996 = {
			isa = PBXGroup;
			children = (
				A75B2832212D46DE0034C996 /* ChartsDemo */,
				A7F3E8BF212FE5CA0034847D /* ChartsDemo1 */,
				A7F3E9042130472E0034847D /* ChartsDemo2 */,
				A791EACF2132AA4400B26DD2 /* ChartsDemo3 */,
				A7A8A4992139249D00D307EF /* ChartsDemo4 */,
				A70958B0213C162900FA749A /* ChartsDemo5 */,
				A70958C7213CE4B000FA749A /* ChartsDemo6 */,
				A70958E0213D5ADF00FA749A /* ChartsDemo7 */,
				A75B2831212D46DE0034C996 /* Products */,
				4AE9F206EA21CA5A9C1A1288 /* Pods */,
				6B5D98E884B13A19EF5C55CC /* Frameworks */,
			);
			sourceTree = "<group>";
		};
		A75B2831212D46DE0034C996 /* Products */ = {
			isa = PBXGroup;
			children = (
				A75B2830212D46DE0034C996 /* ChartsDemo.app */,
				A7F3E8BE212FE5CA0034847D /* ChartsDemo1.app */,
				A7F3E9032130472D0034847D /* ChartsDemo2.app */,
				A791EACE2132AA4400B26DD2 /* ChartsDemo3.app */,
				A7A8A4982139249D00D307EF /* ChartsDemo4.app */,
				A70958AF213C162900FA749A /* ChartsDemo5.app */,
				A70958C6213CE4B000FA749A /* ChartsDemo6.app */,
				A70958DF213D5ADF00FA749A /* ChartsDemo7.app */,
			);
			name = Products;
			sourceTree = "<group>";
		};
		A75B2832212D46DE0034C996 /* ChartsDemo */ = {
			isa = PBXGroup;
			children = (
				A75B2833212D46DF0034C996 /* AppDelegate.swift */,
				A75B2835212D46DF0034C996 /* ViewController.swift */,
				A75B2837212D46DF0034C996 /* Main.storyboard */,
				A75B283A212D46E00034C996 /* Assets.xcassets */,
				A75B283C212D46E00034C996 /* LaunchScreen.storyboard */,
				A75B283F212D46E00034C996 /* Info.plist */,
			);
			path = ChartsDemo;
			sourceTree = "<group>";
		};
		A791EACF2132AA4400B26DD2 /* ChartsDemo3 */ = {
			isa = PBXGroup;
			children = (
				A791EAD02132AA4400B26DD2 /* AppDelegate.swift */,
				A791EAD22132AA4400B26DD2 /* ViewController.swift */,
				A791EAE02132ADA400B26DD2 /* OneViewController.swift */,
				A791EAD42132AA4400B26DD2 /* Main.storyboard */,
				A791EAD72132AA4400B26DD2 /* Assets.xcassets */,
				A791EAD92132AA4400B26DD2 /* LaunchScreen.storyboard */,
				A791EADC2132AA4400B26DD2 /* Info.plist */,
			);
			path = ChartsDemo3;
			sourceTree = "<group>";
		};
		A7A8A4992139249D00D307EF /* ChartsDemo4 */ = {
			isa = PBXGroup;
			children = (
				A7A8A49A2139249D00D307EF /* AppDelegate.swift */,
				A7A8A49C2139249D00D307EF /* ViewController.swift */,
				A7A8A49E2139249D00D307EF /* Main.storyboard */,
				A7A8A4A12139249E00D307EF /* Assets.xcassets */,
				A7A8A4A32139249E00D307EF /* LaunchScreen.storyboard */,
				A7A8A4A62139249E00D307EF /* Info.plist */,
			);
			path = ChartsDemo4;
			sourceTree = "<group>";
		};
		A7F3E8BF212FE5CA0034847D /* ChartsDemo1 */ = {
			isa = PBXGroup;
			children = (
				A7F3E8C0212FE5CB0034847D /* AppDelegate.swift */,
				A7F3E8C2212FE5CB0034847D /* ViewController.swift */,
				A7F3E8C4212FE5CB0034847D /* Main.storyboard */,
				A7F3E8C7212FE5CB0034847D /* Assets.xcassets */,
				A7F3E8C9212FE5CB0034847D /* LaunchScreen.storyboard */,
				A7F3E8CC212FE5CB0034847D /* Info.plist */,
			);
			path = ChartsDemo1;
			sourceTree = "<group>";
		};
		A7F3E9042130472E0034847D /* ChartsDemo2 */ = {
			isa = PBXGroup;
			children = (
				A7F3E9052130472E0034847D /* AppDelegate.swift */,
				A7F3E9072130472E0034847D /* ViewController.swift */,
				A7F3E91521305D090034847D /* OneViewController.swift */,
				A7F3E9092130472E0034847D /* Main.storyboard */,
				A7F3E90C2130472E0034847D /* Assets.xcassets */,
				A7F3E90E2130472E0034847D /* LaunchScreen.storyboard */,
				A7F3E9112130472E0034847D /* Info.plist */,
			);
			path = ChartsDemo2;
			sourceTree = "<group>";
		};
/* End PBXGroup section */

/* Begin PBXNativeTarget section */
		A70958AE213C162900FA749A /* ChartsDemo5 */ = {
			isa = PBXNativeTarget;
			buildConfigurationList = A70958C0213C162A00FA749A /* Build configuration list for PBXNativeTarget "ChartsDemo5" */;
			buildPhases = (
				CE4655AB71F48A54098AB56B /* [CP] Check Pods Manifest.lock */,
				A70958AB213C162900FA749A /* Sources */,
				A70958AC213C162900FA749A /* Frameworks */,
				A70958AD213C162900FA749A /* Resources */,
				EF9295C4872DC04548FD085E /* [CP] Embed Pods Frameworks */,
			);
			buildRules = (
			);
			dependencies = (
			);
			name = ChartsDemo5;
			productName = ChartsDemo5;
			productReference = A70958AF213C162900FA749A /* ChartsDemo5.app */;
			productType = "com.apple.product-type.application";
		};
		A70958C5213CE4B000FA749A /* ChartsDemo6 */ = {
			isa = PBXNativeTarget;
			buildConfigurationList = A70958D7213CE4B100FA749A /* Build configuration list for PBXNativeTarget "ChartsDemo6" */;
			buildPhases = (
				AFB708BC8D24466B6FFA923B /* [CP] Check Pods Manifest.lock */,
				A70958C2213CE4B000FA749A /* Sources */,
				A70958C3213CE4B000FA749A /* Frameworks */,
				A70958C4213CE4B000FA749A /* Resources */,
				30F8B079BF99569A0A63E71E /* [CP] Embed Pods Frameworks */,
			);
			buildRules = (
			);
			dependencies = (
			);
			name = ChartsDemo6;
			productName = ChartsDemo6;
			productReference = A70958C6213CE4B000FA749A /* ChartsDemo6.app */;
			productType = "com.apple.product-type.application";
		};
		A70958DE213D5ADF00FA749A /* ChartsDemo7 */ = {
			isa = PBXNativeTarget;
			buildConfigurationList = A70958F0213D5AE100FA749A /* Build configuration list for PBXNativeTarget "ChartsDemo7" */;
			buildPhases = (
				821D414E4E9AB9CA450951AF /* [CP] Check Pods Manifest.lock */,
				A70958DB213D5ADF00FA749A /* Sources */,
				A70958DC213D5ADF00FA749A /* Frameworks */,
				A70958DD213D5ADF00FA749A /* Resources */,
				CED53ED6532068810DBDC445 /* [CP] Embed Pods Frameworks */,
			);
			buildRules = (
			);
			dependencies = (
			);
			name = ChartsDemo7;
			productName = ChartsDemo7;
			productReference = A70958DF213D5ADF00FA749A /* ChartsDemo7.app */;
			productType = "com.apple.product-type.application";
		};
		A75B282F212D46DE0034C996 /* ChartsDemo */ = {
			isa = PBXNativeTarget;
			buildConfigurationList = A75B2842212D46E00034C996 /* Build configuration list for PBXNativeTarget "ChartsDemo" */;
			buildPhases = (
				BB216817066A574D27990569 /* [CP] Check Pods Manifest.lock */,
				A75B282C212D46DE0034C996 /* Sources */,
				A75B282D212D46DE0034C996 /* Frameworks */,
				A75B282E212D46DE0034C996 /* Resources */,
				A88123E9AA6DFCFBE6367594 /* [CP] Embed Pods Frameworks */,
			);
			buildRules = (
			);
			dependencies = (
			);
			name = ChartsDemo;
			productName = ChartsDemo;
			productReference = A75B2830212D46DE0034C996 /* ChartsDemo.app */;
			productType = "com.apple.product-type.application";
		};
		A791EACD2132AA4400B26DD2 /* ChartsDemo3 */ = {
			isa = PBXNativeTarget;
			buildConfigurationList = A791EADF2132AA4400B26DD2 /* Build configuration list for PBXNativeTarget "ChartsDemo3" */;
			buildPhases = (
				2678527E9DE30B663C987921 /* [CP] Check Pods Manifest.lock */,
				A791EACA2132AA4400B26DD2 /* Sources */,
				A791EACB2132AA4400B26DD2 /* Frameworks */,
				A791EACC2132AA4400B26DD2 /* Resources */,
				215AFF165139CCB5C5FB415B /* [CP] Embed Pods Frameworks */,
			);
			buildRules = (
			);
			dependencies = (
			);
			name = ChartsDemo3;
			productName = ChartsDemo3;
			productReference = A791EACE2132AA4400B26DD2 /* ChartsDemo3.app */;
			productType = "com.apple.product-type.application";
		};
		A7A8A4972139249D00D307EF /* ChartsDemo4 */ = {
			isa = PBXNativeTarget;
			buildConfigurationList = A7A8A4A72139249E00D307EF /* Build configuration list for PBXNativeTarget "ChartsDemo4" */;
			buildPhases = (
				601A30F747055EF236AA5685 /* [CP] Check Pods Manifest.lock */,
				A7A8A4942139249D00D307EF /* Sources */,
				A7A8A4952139249D00D307EF /* Frameworks */,
				A7A8A4962139249D00D307EF /* Resources */,
				CACF80C73A5737E323A8A803 /* [CP] Embed Pods Frameworks */,
			);
			buildRules = (
			);
			dependencies = (
			);
			name = ChartsDemo4;
			productName = ChartsDemo4;
			productReference = A7A8A4982139249D00D307EF /* ChartsDemo4.app */;
			productType = "com.apple.product-type.application";
		};
		A7F3E8BD212FE5CA0034847D /* ChartsDemo1 */ = {
			isa = PBXNativeTarget;
			buildConfigurationList = A7F3E8CD212FE5CB0034847D /* Build configuration list for PBXNativeTarget "ChartsDemo1" */;
			buildPhases = (
				E1129632082B8B3256CD2536 /* [CP] Check Pods Manifest.lock */,
				A7F3E8BA212FE5CA0034847D /* Sources */,
				A7F3E8BB212FE5CA0034847D /* Frameworks */,
				A7F3E8BC212FE5CA0034847D /* Resources */,
				95D9E085B20DDCABA79898F2 /* [CP] Embed Pods Frameworks */,
			);
			buildRules = (
			);
			dependencies = (
			);
			name = ChartsDemo1;
			productName = ChartsDemo1;
			productReference = A7F3E8BE212FE5CA0034847D /* ChartsDemo1.app */;
			productType = "com.apple.product-type.application";
		};
		A7F3E9022130472D0034847D /* ChartsDemo2 */ = {
			isa = PBXNativeTarget;
			buildConfigurationList = A7F3E9122130472E0034847D /* Build configuration list for PBXNativeTarget "ChartsDemo2" */;
			buildPhases = (
				00702B74BB3FE5DAC07EE6EF /* [CP] Check Pods Manifest.lock */,
				A7F3E8FF2130472D0034847D /* Sources */,
				A7F3E9002130472D0034847D /* Frameworks */,
				A7F3E9012130472D0034847D /* Resources */,
				4696580E0855F33B8996D2F3 /* [CP] Embed Pods Frameworks */,
			);
			buildRules = (
			);
			dependencies = (
			);
			name = ChartsDemo2;
			productName = ChartsDemo2;
			productReference = A7F3E9032130472D0034847D /* ChartsDemo2.app */;
			productType = "com.apple.product-type.application";
		};
/* End PBXNativeTarget section */

/* Begin PBXProject section */
		A75B2828212D46DE0034C996 /* Project object */ = {
			isa = PBXProject;
			attributes = {
				LastSwiftUpdateCheck = 0940;
				LastUpgradeCheck = 0940;
				ORGANIZATIONNAME = "南鑫林";
				TargetAttributes = {
					A70958AE213C162900FA749A = {
						CreatedOnToolsVersion = 9.4.1;
					};
					A70958C5213CE4B000FA749A = {
						CreatedOnToolsVersion = 9.4.1;
					};
					A70958DE213D5ADF00FA749A = {
						CreatedOnToolsVersion = 9.4.1;
					};
					A75B282F212D46DE0034C996 = {
						CreatedOnToolsVersion = 9.4.1;
					};
					A791EACD2132AA4400B26DD2 = {
						CreatedOnToolsVersion = 9.4.1;
					};
					A7A8A4972139249D00D307EF = {
						CreatedOnToolsVersion = 9.4.1;
					};
					A7F3E8BD212FE5CA0034847D = {
						CreatedOnToolsVersion = 9.4.1;
					};
					A7F3E9022130472D0034847D = {
						CreatedOnToolsVersion = 9.4.1;
					};
				};
			};
			buildConfigurationList = A75B282B212D46DE0034C996 /* Build configuration list for PBXProject "ChartsDemo" */;
			compatibilityVersion = "Xcode 9.3";
			developmentRegion = en;
			hasScannedForEncodings = 0;
			knownRegions = (
				en,
				Base,
			);
			mainGroup = A75B2827212D46DE0034C996;
			productRefGroup = A75B2831212D46DE0034C996 /* Products */;
			projectDirPath = "";
			projectRoot = "";
			targets = (
				A75B282F212D46DE0034C996 /* ChartsDemo */,
				A7F3E8BD212FE5CA0034847D /* ChartsDemo1 */,
				A7F3E9022130472D0034847D /* ChartsDemo2 */,
				A791EACD2132AA4400B26DD2 /* ChartsDemo3 */,
				A7A8A4972139249D00D307EF /* ChartsDemo4 */,
				A70958AE213C162900FA749A /* ChartsDemo5 */,
				A70958C5213CE4B000FA749A /* ChartsDemo6 */,
				A70958DE213D5ADF00FA749A /* ChartsDemo7 */,
			);
		};
/* End PBXProject section */

/* Begin PBXResourcesBuildPhase section */
		A70958AD213C162900FA749A /* Resources */ = {
			isa = PBXResourcesBuildPhase;
			buildActionMask = 2147483647;
			files = (
				A70958BC213C162A00FA749A /* LaunchScreen.storyboard in Resources */,
				A70958B9213C162A00FA749A /* Assets.xcassets in Resources */,
				A70958B7213C162900FA749A /* Main.storyboard in Resources */,
			);
			runOnlyForDeploymentPostprocessing = 0;
		};
		A70958C4213CE4B000FA749A /* Resources */ = {
			isa = PBXResourcesBuildPhase;
			buildActionMask = 2147483647;
			files = (
				A70958D3213CE4B100FA749A /* LaunchScreen.storyboard in Resources */,
				A70958D0213CE4B100FA749A /* Assets.xcassets in Resources */,
				A70958CE213CE4B000FA749A /* Main.storyboard in Resources */,
			);
			runOnlyForDeploymentPostprocessing = 0;
		};
		A70958DD213D5ADF00FA749A /* Resources */ = {
			isa = PBXResourcesBuildPhase;
			buildActionMask = 2147483647;
			files = (
				A70958EC213D5AE000FA749A /* LaunchScreen.storyboard in Resources */,
				A70958E9213D5AE000FA749A /* Assets.xcassets in Resources */,
				A70958E7213D5ADF00FA749A /* Main.storyboard in Resources */,
			);
			runOnlyForDeploymentPostprocessing = 0;
		};
		A75B282E212D46DE0034C996 /* Resources */ = {
			isa = PBXResourcesBuildPhase;
			buildActionMask = 2147483647;
			files = (
				A75B283E212D46E00034C996 /* LaunchScreen.storyboard in Resources */,
				A75B283B212D46E00034C996 /* Assets.xcassets in Resources */,
				A75B2839212D46DF0034C996 /* Main.storyboard in Resources */,
			);
			runOnlyForDeploymentPostprocessing = 0;
		};
		A791EACC2132AA4400B26DD2 /* Resources */ = {
			isa = PBXResourcesBuildPhase;
			buildActionMask = 2147483647;
			files = (
				A791EADB2132AA4400B26DD2 /* LaunchScreen.storyboard in Resources */,
				A791EAD82132AA4400B26DD2 /* Assets.xcassets in Resources */,
				A791EAD62132AA4400B26DD2 /* Main.storyboard in Resources */,
			);
			runOnlyForDeploymentPostprocessing = 0;
		};
		A7A8A4962139249D00D307EF /* Resources */ = {
			isa = PBXResourcesBuildPhase;
			buildActionMask = 2147483647;
			files = (
				A7A8A4A52139249E00D307EF /* LaunchScreen.storyboard in Resources */,
				A7A8A4A22139249E00D307EF /* Assets.xcassets in Resources */,
				A7A8A4A02139249D00D307EF /* Main.storyboard in Resources */,
			);
			runOnlyForDeploymentPostprocessing = 0;
		};
		A7F3E8BC212FE5CA0034847D /* Resources */ = {
			isa = PBXResourcesBuildPhase;
			buildActionMask = 2147483647;
			files = (
				A7F3E8CB212FE5CB0034847D /* LaunchScreen.storyboard in Resources */,
				A7F3E8C8212FE5CB0034847D /* Assets.xcassets in Resources */,
				A7F3E8C6212FE5CB0034847D /* Main.storyboard in Resources */,
			);
			runOnlyForDeploymentPostprocessing = 0;
		};
		A7F3E9012130472D0034847D /* Resources */ = {
			isa = PBXResourcesBuildPhase;
			buildActionMask = 2147483647;
			files = (
				A7F3E9102130472E0034847D /* LaunchScreen.storyboard in Resources */,
				A7F3E90D2130472E0034847D /* Assets.xcassets in Resources */,
				A7F3E90B2130472E0034847D /* Main.storyboard in Resources */,
			);
			runOnlyForDeploymentPostprocessing = 0;
		};
/* End PBXResourcesBuildPhase section */

/* Begin PBXShellScriptBuildPhase section */
		00702B74BB3FE5DAC07EE6EF /* [CP] Check Pods Manifest.lock */ = {
			isa = PBXShellScriptBuildPhase;
			buildActionMask = 2147483647;
			files = (
			);
			inputPaths = (
				"${PODS_PODFILE_DIR_PATH}/Podfile.lock",
				"${PODS_ROOT}/Manifest.lock",
			);
			name = "[CP] Check Pods Manifest.lock";
			outputPaths = (
				"$(DERIVED_FILE_DIR)/Pods-ChartsDemo2-checkManifestLockResult.txt",
			);
			runOnlyForDeploymentPostprocessing = 0;
			shellPath = /bin/sh;
			shellScript = "diff \"${PODS_PODFILE_DIR_PATH}/Podfile.lock\" \"${PODS_ROOT}/Manifest.lock\" > /dev/null\nif [ $? != 0 ] ; then\n    # print error to STDERR\n    echo \"error: The sandbox is not in sync with the Podfile.lock. Run 'pod install' or update your CocoaPods installation.\" >&2\n    exit 1\nfi\n# This output is used by Xcode 'outputs' to avoid re-running this script phase.\necho \"SUCCESS\" > \"${SCRIPT_OUTPUT_FILE_0}\"\n";
			showEnvVarsInLog = 0;
		};
		215AFF165139CCB5C5FB415B /* [CP] Embed Pods Frameworks */ = {
			isa = PBXShellScriptBuildPhase;
			buildActionMask = 2147483647;
			files = (
			);
			inputPaths = (
				"${SRCROOT}/Pods/Target Support Files/Pods-ChartsDemo3/Pods-ChartsDemo3-frameworks.sh",
				"${BUILT_PRODUCTS_DIR}/Charts/Charts.framework",
			);
			name = "[CP] Embed Pods Frameworks";
			outputPaths = (
				"${TARGET_BUILD_DIR}/${FRAMEWORKS_FOLDER_PATH}/Charts.framework",
			);
			runOnlyForDeploymentPostprocessing = 0;
			shellPath = /bin/sh;
			shellScript = "\"${SRCROOT}/Pods/Target Support Files/Pods-ChartsDemo3/Pods-ChartsDemo3-frameworks.sh\"\n";
			showEnvVarsInLog = 0;
		};
		2678527E9DE30B663C987921 /* [CP] Check Pods Manifest.lock */ = {
			isa = PBXShellScriptBuildPhase;
			buildActionMask = 2147483647;
			files = (
			);
			inputPaths = (
				"${PODS_PODFILE_DIR_PATH}/Podfile.lock",
				"${PODS_ROOT}/Manifest.lock",
			);
			name = "[CP] Check Pods Manifest.lock";
			outputPaths = (
				"$(DERIVED_FILE_DIR)/Pods-ChartsDemo3-checkManifestLockResult.txt",
			);
			runOnlyForDeploymentPostprocessing = 0;
			shellPath = /bin/sh;
			shellScript = "diff \"${PODS_PODFILE_DIR_PATH}/Podfile.lock\" \"${PODS_ROOT}/Manifest.lock\" > /dev/null\nif [ $? != 0 ] ; then\n    # print error to STDERR\n    echo \"error: The sandbox is not in sync with the Podfile.lock. Run 'pod install' or update your CocoaPods installation.\" >&2\n    exit 1\nfi\n# This output is used by Xcode 'outputs' to avoid re-running this script phase.\necho \"SUCCESS\" > \"${SCRIPT_OUTPUT_FILE_0}\"\n";
			showEnvVarsInLog = 0;
		};
		30F8B079BF99569A0A63E71E /* [CP] Embed Pods Frameworks */ = {
			isa = PBXShellScriptBuildPhase;
			buildActionMask = 2147483647;
			files = (
			);
			inputPaths = (
				"${SRCROOT}/Pods/Target Support Files/Pods-ChartsDemo6/Pods-ChartsDemo6-frameworks.sh",
				"${BUILT_PRODUCTS_DIR}/Charts/Charts.framework",
			);
			name = "[CP] Embed Pods Frameworks";
			outputPaths = (
				"${TARGET_BUILD_DIR}/${FRAMEWORKS_FOLDER_PATH}/Charts.framework",
			);
			runOnlyForDeploymentPostprocessing = 0;
			shellPath = /bin/sh;
			shellScript = "\"${SRCROOT}/Pods/Target Support Files/Pods-ChartsDemo6/Pods-ChartsDemo6-frameworks.sh\"\n";
			showEnvVarsInLog = 0;
		};
		4696580E0855F33B8996D2F3 /* [CP] Embed Pods Frameworks */ = {
			isa = PBXShellScriptBuildPhase;
			buildActionMask = 2147483647;
			files = (
			);
			inputPaths = (
				"${SRCROOT}/Pods/Target Support Files/Pods-ChartsDemo2/Pods-ChartsDemo2-frameworks.sh",
				"${BUILT_PRODUCTS_DIR}/Charts/Charts.framework",
			);
			name = "[CP] Embed Pods Frameworks";
			outputPaths = (
				"${TARGET_BUILD_DIR}/${FRAMEWORKS_FOLDER_PATH}/Charts.framework",
			);
			runOnlyForDeploymentPostprocessing = 0;
			shellPath = /bin/sh;
			shellScript = "\"${SRCROOT}/Pods/Target Support Files/Pods-ChartsDemo2/Pods-ChartsDemo2-frameworks.sh\"\n";
			showEnvVarsInLog = 0;
		};
		601A30F747055EF236AA5685 /* [CP] Check Pods Manifest.lock */ = {
			isa = PBXShellScriptBuildPhase;
			buildActionMask = 2147483647;
			files = (
			);
			inputPaths = (
				"${PODS_PODFILE_DIR_PATH}/Podfile.lock",
				"${PODS_ROOT}/Manifest.lock",
			);
			name = "[CP] Check Pods Manifest.lock";
			outputPaths = (
				"$(DERIVED_FILE_DIR)/Pods-ChartsDemo4-checkManifestLockResult.txt",
			);
			runOnlyForDeploymentPostprocessing = 0;
			shellPath = /bin/sh;
			shellScript = "diff \"${PODS_PODFILE_DIR_PATH}/Podfile.lock\" \"${PODS_ROOT}/Manifest.lock\" > /dev/null\nif [ $? != 0 ] ; then\n    # print error to STDERR\n    echo \"error: The sandbox is not in sync with the Podfile.lock. Run 'pod install' or update your CocoaPods installation.\" >&2\n    exit 1\nfi\n# This output is used by Xcode 'outputs' to avoid re-running this script phase.\necho \"SUCCESS\" > \"${SCRIPT_OUTPUT_FILE_0}\"\n";
			showEnvVarsInLog = 0;
		};
		821D414E4E9AB9CA450951AF /* [CP] Check Pods Manifest.lock */ = {
			isa = PBXShellScriptBuildPhase;
			buildActionMask = 2147483647;
			files = (
			);
			inputPaths = (
				"${PODS_PODFILE_DIR_PATH}/Podfile.lock",
				"${PODS_ROOT}/Manifest.lock",
			);
			name = "[CP] Check Pods Manifest.lock";
			outputPaths = (
				"$(DERIVED_FILE_DIR)/Pods-ChartsDemo7-checkManifestLockResult.txt",
			);
			runOnlyForDeploymentPostprocessing = 0;
			shellPath = /bin/sh;
			shellScript = "diff \"${PODS_PODFILE_DIR_PATH}/Podfile.lock\" \"${PODS_ROOT}/Manifest.lock\" > /dev/null\nif [ $? != 0 ] ; then\n    # print error to STDERR\n    echo \"error: The sandbox is not in sync with the Podfile.lock. Run 'pod install' or update your CocoaPods installation.\" >&2\n    exit 1\nfi\n# This output is used by Xcode 'outputs' to avoid re-running this script phase.\necho \"SUCCESS\" > \"${SCRIPT_OUTPUT_FILE_0}\"\n";
			showEnvVarsInLog = 0;
		};
		95D9E085B20DDCABA79898F2 /* [CP] Embed Pods Frameworks */ = {
			isa = PBXShellScriptBuildPhase;
			buildActionMask = 2147483647;
			files = (
			);
			inputPaths = (
				"${SRCROOT}/Pods/Target Support Files/Pods-ChartsDemo1/Pods-ChartsDemo1-frameworks.sh",
				"${BUILT_PRODUCTS_DIR}/Charts/Charts.framework",
			);
			name = "[CP] Embed Pods Frameworks";
			outputPaths = (
				"${TARGET_BUILD_DIR}/${FRAMEWORKS_FOLDER_PATH}/Charts.framework",
			);
			runOnlyForDeploymentPostprocessing = 0;
			shellPath = /bin/sh;
			shellScript = "\"${SRCROOT}/Pods/Target Support Files/Pods-ChartsDemo1/Pods-ChartsDemo1-frameworks.sh\"\n";
			showEnvVarsInLog = 0;
		};
		A88123E9AA6DFCFBE6367594 /* [CP] Embed Pods Frameworks */ = {
			isa = PBXShellScriptBuildPhase;
			buildActionMask = 2147483647;
			files = (
			);
			inputPaths = (
				"${SRCROOT}/Pods/Target Support Files/Pods-ChartsDemo/Pods-ChartsDemo-frameworks.sh",
				"${BUILT_PRODUCTS_DIR}/Charts/Charts.framework",
			);
			name = "[CP] Embed Pods Frameworks";
			outputPaths = (
				"${TARGET_BUILD_DIR}/${FRAMEWORKS_FOLDER_PATH}/Charts.framework",
			);
			runOnlyForDeploymentPostprocessing = 0;
			shellPath = /bin/sh;
			shellScript = "\"${SRCROOT}/Pods/Target Support Files/Pods-ChartsDemo/Pods-ChartsDemo-frameworks.sh\"\n";
			showEnvVarsInLog = 0;
		};
		AFB708BC8D24466B6FFA923B /* [CP] Check Pods Manifest.lock */ = {
			isa = PBXShellScriptBuildPhase;
			buildActionMask = 2147483647;
			files = (
			);
			inputPaths = (
				"${PODS_PODFILE_DIR_PATH}/Podfile.lock",
				"${PODS_ROOT}/Manifest.lock",
			);
			name = "[CP] Check Pods Manifest.lock";
			outputPaths = (
				"$(DERIVED_FILE_DIR)/Pods-ChartsDemo6-checkManifestLockResult.txt",
			);
			runOnlyForDeploymentPostprocessing = 0;
			shellPath = /bin/sh;
			shellScript = "diff \"${PODS_PODFILE_DIR_PATH}/Podfile.lock\" \"${PODS_ROOT}/Manifest.lock\" > /dev/null\nif [ $? != 0 ] ; then\n    # print error to STDERR\n    echo \"error: The sandbox is not in sync with the Podfile.lock. Run 'pod install' or update your CocoaPods installation.\" >&2\n    exit 1\nfi\n# This output is used by Xcode 'outputs' to avoid re-running this script phase.\necho \"SUCCESS\" > \"${SCRIPT_OUTPUT_FILE_0}\"\n";
			showEnvVarsInLog = 0;
		};
		BB216817066A574D27990569 /* [CP] Check Pods Manifest.lock */ = {
			isa = PBXShellScriptBuildPhase;
			buildActionMask = 2147483647;
			files = (
			);
			inputPaths = (
				"${PODS_PODFILE_DIR_PATH}/Podfile.lock",
				"${PODS_ROOT}/Manifest.lock",
			);
			name = "[CP] Check Pods Manifest.lock";
			outputPaths = (
				"$(DERIVED_FILE_DIR)/Pods-ChartsDemo-checkManifestLockResult.txt",
			);
			runOnlyForDeploymentPostprocessing = 0;
			shellPath = /bin/sh;
			shellScript = "diff \"${PODS_PODFILE_DIR_PATH}/Podfile.lock\" \"${PODS_ROOT}/Manifest.lock\" > /dev/null\nif [ $? != 0 ] ; then\n    # print error to STDERR\n    echo \"error: The sandbox is not in sync with the Podfile.lock. Run 'pod install' or update your CocoaPods installation.\" >&2\n    exit 1\nfi\n# This output is used by Xcode 'outputs' to avoid re-running this script phase.\necho \"SUCCESS\" > \"${SCRIPT_OUTPUT_FILE_0}\"\n";
			showEnvVarsInLog = 0;
		};
		CACF80C73A5737E323A8A803 /* [CP] Embed Pods Frameworks */ = {
			isa = PBXShellScriptBuildPhase;
			buildActionMask = 2147483647;
			files = (
			);
			inputPaths = (
				"${SRCROOT}/Pods/Target Support Files/Pods-ChartsDemo4/Pods-ChartsDemo4-frameworks.sh",
				"${BUILT_PRODUCTS_DIR}/Charts/Charts.framework",
			);
			name = "[CP] Embed Pods Frameworks";
			outputPaths = (
				"${TARGET_BUILD_DIR}/${FRAMEWORKS_FOLDER_PATH}/Charts.framework",
			);
			runOnlyForDeploymentPostprocessing = 0;
			shellPath = /bin/sh;
			shellScript = "\"${SRCROOT}/Pods/Target Support Files/Pods-ChartsDemo4/Pods-ChartsDemo4-frameworks.sh\"\n";
			showEnvVarsInLog = 0;
		};
		CE4655AB71F48A54098AB56B /* [CP] Check Pods Manifest.lock */ = {
			isa = PBXShellScriptBuildPhase;
			buildActionMask = 2147483647;
			files = (
			);
			inputPaths = (
				"${PODS_PODFILE_DIR_PATH}/Podfile.lock",
				"${PODS_ROOT}/Manifest.lock",
			);
			name = "[CP] Check Pods Manifest.lock";
			outputPaths = (
				"$(DERIVED_FILE_DIR)/Pods-ChartsDemo5-checkManifestLockResult.txt",
			);
			runOnlyForDeploymentPostprocessing = 0;
			shellPath = /bin/sh;
			shellScript = "diff \"${PODS_PODFILE_DIR_PATH}/Podfile.lock\" \"${PODS_ROOT}/Manifest.lock\" > /dev/null\nif [ $? != 0 ] ; then\n    # print error to STDERR\n    echo \"error: The sandbox is not in sync with the Podfile.lock. Run 'pod install' or update your CocoaPods installation.\" >&2\n    exit 1\nfi\n# This output is used by Xcode 'outputs' to avoid re-running this script phase.\necho \"SUCCESS\" > \"${SCRIPT_OUTPUT_FILE_0}\"\n";
			showEnvVarsInLog = 0;
		};
		CED53ED6532068810DBDC445 /* [CP] Embed Pods Frameworks */ = {
			isa = PBXShellScriptBuildPhase;
			buildActionMask = 2147483647;
			files = (
			);
			inputPaths = (
				"${SRCROOT}/Pods/Target Support Files/Pods-ChartsDemo7/Pods-ChartsDemo7-frameworks.sh",
				"${BUILT_PRODUCTS_DIR}/Charts/Charts.framework",
			);
			name = "[CP] Embed Pods Frameworks";
			outputPaths = (
				"${TARGET_BUILD_DIR}/${FRAMEWORKS_FOLDER_PATH}/Charts.framework",
			);
			runOnlyForDeploymentPostprocessing = 0;
			shellPath = /bin/sh;
			shellScript = "\"${SRCROOT}/Pods/Target Support Files/Pods-ChartsDemo7/Pods-ChartsDemo7-frameworks.sh\"\n";
			showEnvVarsInLog = 0;
		};
		E1129632082B8B3256CD2536 /* [CP] Check Pods Manifest.lock */ = {
			isa = PBXShellScriptBuildPhase;
			buildActionMask = 2147483647;
			files = (
			);
			inputPaths = (
				"${PODS_PODFILE_DIR_PATH}/Podfile.lock",
				"${PODS_ROOT}/Manifest.lock",
			);
			name = "[CP] Check Pods Manifest.lock";
			outputPaths = (
				"$(DERIVED_FILE_DIR)/Pods-ChartsDemo1-checkManifestLockResult.txt",
			);
			runOnlyForDeploymentPostprocessing = 0;
			shellPath = /bin/sh;
			shellScript = "diff \"${PODS_PODFILE_DIR_PATH}/Podfile.lock\" \"${PODS_ROOT}/Manifest.lock\" > /dev/null\nif [ $? != 0 ] ; then\n    # print error to STDERR\n    echo \"error: The sandbox is not in sync with the Podfile.lock. Run 'pod install' or update your CocoaPods installation.\" >&2\n    exit 1\nfi\n# This output is used by Xcode 'outputs' to avoid re-running this script phase.\necho \"SUCCESS\" > \"${SCRIPT_OUTPUT_FILE_0}\"\n";
			showEnvVarsInLog = 0;
		};
		EF9295C4872DC04548FD085E /* [CP] Embed Pods Frameworks */ = {
			isa = PBXShellScriptBuildPhase;
			buildActionMask = 2147483647;
			files = (
			);
			inputPaths = (
				"${SRCROOT}/Pods/Target Support Files/Pods-ChartsDemo5/Pods-ChartsDemo5-frameworks.sh",
				"${BUILT_PRODUCTS_DIR}/Charts/Charts.framework",
			);
			name = "[CP] Embed Pods Frameworks";
			outputPaths = (
				"${TARGET_BUILD_DIR}/${FRAMEWORKS_FOLDER_PATH}/Charts.framework",
			);
			runOnlyForDeploymentPostprocessing = 0;
			shellPath = /bin/sh;
			shellScript = "\"${SRCROOT}/Pods/Target Support Files/Pods-ChartsDemo5/Pods-ChartsDemo5-frameworks.sh\"\n";
			showEnvVarsInLog = 0;
		};
/* End PBXShellScriptBuildPhase section */

/* Begin PBXSourcesBuildPhase section */
		A70958AB213C162900FA749A /* Sources */ = {
			isa = PBXSourcesBuildPhase;
			buildActionMask = 2147483647;
			files = (
				A70958B4213C162900FA749A /* ViewController.swift in Sources */,
				A70958B2213C162900FA749A /* AppDelegate.swift in Sources */,
			);
			runOnlyForDeploymentPostprocessing = 0;
		};
		A70958C2213CE4B000FA749A /* Sources */ = {
			isa = PBXSourcesBuildPhase;
			buildActionMask = 2147483647;
			files = (
				A70958CB213CE4B000FA749A /* ViewController.swift in Sources */,
				A70958C9213CE4B000FA749A /* AppDelegate.swift in Sources */,
			);
			runOnlyForDeploymentPostprocessing = 0;
		};
		A70958DB213D5ADF00FA749A /* Sources */ = {
			isa = PBXSourcesBuildPhase;
			buildActionMask = 2147483647;
			files = (
				A710F8E3213D5DA700039D41 /* BalloonMarker.swift in Sources */,
				A70958E4213D5ADF00FA749A /* ViewController.swift in Sources */,
				A70958E2213D5ADF00FA749A /* AppDelegate.swift in Sources */,
			);
			runOnlyForDeploymentPostprocessing = 0;
		};
		A75B282C212D46DE0034C996 /* Sources */ = {
			isa = PBXSourcesBuildPhase;
			buildActionMask = 2147483647;
			files = (
				A75B2836212D46DF0034C996 /* ViewController.swift in Sources */,
				A75B2834212D46DF0034C996 /* AppDelegate.swift in Sources */,
			);
			runOnlyForDeploymentPostprocessing = 0;
		};
		A791EACA2132AA4400B26DD2 /* Sources */ = {
			isa = PBXSourcesBuildPhase;
			buildActionMask = 2147483647;
			files = (
				A791EAE12132ADA400B26DD2 /* OneViewController.swift in Sources */,
				A791EAD32132AA4400B26DD2 /* ViewController.swift in Sources */,
				A791EAD12132AA4400B26DD2 /* AppDelegate.swift in Sources */,
			);
			runOnlyForDeploymentPostprocessing = 0;
		};
		A7A8A4942139249D00D307EF /* Sources */ = {
			isa = PBXSourcesBuildPhase;
			buildActionMask = 2147483647;
			files = (
				A7A8A49D2139249D00D307EF /* ViewController.swift in Sources */,
				A7A8A49B2139249D00D307EF /* AppDelegate.swift in Sources */,
			);
			runOnlyForDeploymentPostprocessing = 0;
		};
		A7F3E8BA212FE5CA0034847D /* Sources */ = {
			isa = PBXSourcesBuildPhase;
			buildActionMask = 2147483647;
			files = (
				A7F3E8C3212FE5CB0034847D /* ViewController.swift in Sources */,
				A7F3E8C1212FE5CB0034847D /* AppDelegate.swift in Sources */,
			);
			runOnlyForDeploymentPostprocessing = 0;
		};
		A7F3E8FF2130472D0034847D /* Sources */ = {
			isa = PBXSourcesBuildPhase;
			buildActionMask = 2147483647;
			files = (
				A7F3E91621305D090034847D /* OneViewController.swift in Sources */,
				A7F3E9082130472E0034847D /* ViewController.swift in Sources */,
				A7F3E9062130472E0034847D /* AppDelegate.swift in Sources */,
			);
			runOnlyForDeploymentPostprocessing = 0;
		};
/* End PBXSourcesBuildPhase section */

/* Begin PBXVariantGroup section */
		A70958B5213C162900FA749A /* Main.storyboard */ = {
			isa = PBXVariantGroup;
			children = (
				A70958B6213C162900FA749A /* Base */,
			);
			name = Main.storyboard;
			sourceTree = "<group>";
		};
		A70958BA213C162A00FA749A /* LaunchScreen.storyboard */ = {
			isa = PBXVariantGroup;
			children = (
				A70958BB213C162A00FA749A /* Base */,
			);
			name = LaunchScreen.storyboard;
			sourceTree = "<group>";
		};
		A70958CC213CE4B000FA749A /* Main.storyboard */ = {
			isa = PBXVariantGroup;
			children = (
				A70958CD213CE4B000FA749A /* Base */,
			);
			name = Main.storyboard;
			sourceTree = "<group>";
		};
		A70958D1213CE4B100FA749A /* LaunchScreen.storyboard */ = {
			isa = PBXVariantGroup;
			children = (
				A70958D2213CE4B100FA749A /* Base */,
			);
			name = LaunchScreen.storyboard;
			sourceTree = "<group>";
		};
		A70958E5213D5ADF00FA749A /* Main.storyboard */ = {
			isa = PBXVariantGroup;
			children = (
				A70958E6213D5ADF00FA749A /* Base */,
			);
			name = Main.storyboard;
			sourceTree = "<group>";
		};
		A70958EA213D5AE000FA749A /* LaunchScreen.storyboard */ = {
			isa = PBXVariantGroup;
			children = (
				A70958EB213D5AE000FA749A /* Base */,
			);
			name = LaunchScreen.storyboard;
			sourceTree = "<group>";
		};
		A75B2837212D46DF0034C996 /* Main.storyboard */ = {
			isa = PBXVariantGroup;
			children = (
				A75B2838212D46DF0034C996 /* Base */,
			);
			name = Main.storyboard;
			sourceTree = "<group>";
		};
		A75B283C212D46E00034C996 /* LaunchScreen.storyboard */ = {
			isa = PBXVariantGroup;
			children = (
				A75B283D212D46E00034C996 /* Base */,
			);
			name = LaunchScreen.storyboard;
			sourceTree = "<group>";
		};
		A791EAD42132AA4400B26DD2 /* Main.storyboard */ = {
			isa = PBXVariantGroup;
			children = (
				A791EAD52132AA4400B26DD2 /* Base */,
			);
			name = Main.storyboard;
			sourceTree = "<group>";
		};
		A791EAD92132AA4400B26DD2 /* LaunchScreen.storyboard */ = {
			isa = PBXVariantGroup;
			children = (
				A791EADA2132AA4400B26DD2 /* Base */,
			);
			name = LaunchScreen.storyboard;
			sourceTree = "<group>";
		};
		A7A8A49E2139249D00D307EF /* Main.storyboard */ = {
			isa = PBXVariantGroup;
			children = (
				A7A8A49F2139249D00D307EF /* Base */,
			);
			name = Main.storyboard;
			sourceTree = "<group>";
		};
		A7A8A4A32139249E00D307EF /* LaunchScreen.storyboard */ = {
			isa = PBXVariantGroup;
			children = (
				A7A8A4A42139249E00D307EF /* Base */,
			);
			name = LaunchScreen.storyboard;
			sourceTree = "<group>";
		};
		A7F3E8C4212FE5CB0034847D /* Main.storyboard */ = {
			isa = PBXVariantGroup;
			children = (
				A7F3E8C5212FE5CB0034847D /* Base */,
			);
			name = Main.storyboard;
			sourceTree = "<group>";
		};
		A7F3E8C9212FE5CB0034847D /* LaunchScreen.storyboard */ = {
			isa = PBXVariantGroup;
			children = (
				A7F3E8CA212FE5CB0034847D /* Base */,
			);
			name = LaunchScreen.storyboard;
			sourceTree = "<group>";
		};
		A7F3E9092130472E0034847D /* Main.storyboard */ = {
			isa = PBXVariantGroup;
			children = (
				A7F3E90A2130472E0034847D /* Base */,
			);
			name = Main.storyboard;
			sourceTree = "<group>";
		};
		A7F3E90E2130472E0034847D /* LaunchScreen.storyboard */ = {
			isa = PBXVariantGroup;
			children = (
				A7F3E90F2130472E0034847D /* Base */,
			);
			name = LaunchScreen.storyboard;
			sourceTree = "<group>";
		};
/* End PBXVariantGroup section */

/* Begin XCBuildConfiguration section */
		A70958BE213C162A00FA749A /* Debug */ = {
			isa = XCBuildConfiguration;
			baseConfigurationReference = 78C3F42CB4E5B112D419517C /* Pods-ChartsDemo5.debug.xcconfig */;
			buildSettings = {
				ASSETCATALOG_COMPILER_APPICON_NAME = AppIcon;
				CODE_SIGN_STYLE = Automatic;
				INFOPLIST_FILE = ChartsDemo5/Info.plist;
				LD_RUNPATH_SEARCH_PATHS = (
					"$(inherited)",
					"@executable_path/Frameworks",
				);
				PRODUCT_BUNDLE_IDENTIFIER = com.nanxinlin.ChartsDemo5;
				PRODUCT_NAME = "$(TARGET_NAME)";
				SWIFT_VERSION = 4.0;
				TARGETED_DEVICE_FAMILY = "1,2";
			};
			name = Debug;
		};
		A70958BF213C162A00FA749A /* Release */ = {
			isa = XCBuildConfiguration;
			baseConfigurationReference = 17004CE28C27B75AE6A18291 /* Pods-ChartsDemo5.release.xcconfig */;
			buildSettings = {
				ASSETCATALOG_COMPILER_APPICON_NAME = AppIcon;
				CODE_SIGN_STYLE = Automatic;
				INFOPLIST_FILE = ChartsDemo5/Info.plist;
				LD_RUNPATH_SEARCH_PATHS = (
					"$(inherited)",
					"@executable_path/Frameworks",
				);
				PRODUCT_BUNDLE_IDENTIFIER = com.nanxinlin.ChartsDemo5;
				PRODUCT_NAME = "$(TARGET_NAME)";
				SWIFT_VERSION = 4.0;
				TARGETED_DEVICE_FAMILY = "1,2";
			};
			name = Release;
		};
		A70958D5213CE4B100FA749A /* Debug */ = {
			isa = XCBuildConfiguration;
			baseConfigurationReference = A722FD91E3A1B7BDE5EA1A81 /* Pods-ChartsDemo6.debug.xcconfig */;
			buildSettings = {
				ASSETCATALOG_COMPILER_APPICON_NAME = AppIcon;
				CODE_SIGN_STYLE = Automatic;
				INFOPLIST_FILE = ChartsDemo6/Info.plist;
				LD_RUNPATH_SEARCH_PATHS = (
					"$(inherited)",
					"@executable_path/Frameworks",
				);
				PRODUCT_BUNDLE_IDENTIFIER = com.nanxinlin.ChartsDemo6;
				PRODUCT_NAME = "$(TARGET_NAME)";
				SWIFT_VERSION = 4.0;
				TARGETED_DEVICE_FAMILY = "1,2";
			};
			name = Debug;
		};
		A70958D6213CE4B100FA749A /* Release */ = {
			isa = XCBuildConfiguration;
			baseConfigurationReference = 26483E1B46928924F72EAC93 /* Pods-ChartsDemo6.release.xcconfig */;
			buildSettings = {
				ASSETCATALOG_COMPILER_APPICON_NAME = AppIcon;
				CODE_SIGN_STYLE = Automatic;
				INFOPLIST_FILE = ChartsDemo6/Info.plist;
				LD_RUNPATH_SEARCH_PATHS = (
					"$(inherited)",
					"@executable_path/Frameworks",
				);
				PRODUCT_BUNDLE_IDENTIFIER = com.nanxinlin.ChartsDemo6;
				PRODUCT_NAME = "$(TARGET_NAME)";
				SWIFT_VERSION = 4.0;
				TARGETED_DEVICE_FAMILY = "1,2";
			};
			name = Release;
		};
		A70958EE213D5AE000FA749A /* Debug */ = {
			isa = XCBuildConfiguration;
			baseConfigurationReference = 72E7812F7021D0552F0D4424 /* Pods-ChartsDemo7.debug.xcconfig */;
			buildSettings = {
				ASSETCATALOG_COMPILER_APPICON_NAME = AppIcon;
				CODE_SIGN_STYLE = Automatic;
				INFOPLIST_FILE = ChartsDemo7/Info.plist;
				LD_RUNPATH_SEARCH_PATHS = (
					"$(inherited)",
					"@executable_path/Frameworks",
				);
				PRODUCT_BUNDLE_IDENTIFIER = com.nanxinlin.ChartsDemo7;
				PRODUCT_NAME = "$(TARGET_NAME)";
				SWIFT_VERSION = 4.0;
				TARGETED_DEVICE_FAMILY = "1,2";
			};
			name = Debug;
		};
		A70958EF213D5AE000FA749A /* Release */ = {
			isa = XCBuildConfiguration;
			baseConfigurationReference = 999587BF2AB393FCDEB710EC /* Pods-ChartsDemo7.release.xcconfig */;
			buildSettings = {
				ASSETCATALOG_COMPILER_APPICON_NAME = AppIcon;
				CODE_SIGN_STYLE = Automatic;
				INFOPLIST_FILE = ChartsDemo7/Info.plist;
				LD_RUNPATH_SEARCH_PATHS = (
					"$(inherited)",
					"@executable_path/Frameworks",
				);
				PRODUCT_BUNDLE_IDENTIFIER = com.nanxinlin.ChartsDemo7;
				PRODUCT_NAME = "$(TARGET_NAME)";
				SWIFT_VERSION = 4.0;
				TARGETED_DEVICE_FAMILY = "1,2";
			};
			name = Release;
		};
		A75B2840212D46E00034C996 /* Debug */ = {
			isa = XCBuildConfiguration;
			buildSettings = {
				ALWAYS_SEARCH_USER_PATHS = NO;
				CLANG_ANALYZER_NONNULL = YES;
				CLANG_ANALYZER_NUMBER_OBJECT_CONVERSION = YES_AGGRESSIVE;
				CLANG_CXX_LANGUAGE_STANDARD = "gnu++14";
				CLANG_CXX_LIBRARY = "libc++";
				CLANG_ENABLE_MODULES = YES;
				CLANG_ENABLE_OBJC_ARC = YES;
				CLANG_ENABLE_OBJC_WEAK = YES;
				CLANG_WARN_BLOCK_CAPTURE_AUTORELEASING = YES;
				CLANG_WARN_BOOL_CONVERSION = YES;
				CLANG_WARN_COMMA = YES;
				CLANG_WARN_CONSTANT_CONVERSION = YES;
				CLANG_WARN_DEPRECATED_OBJC_IMPLEMENTATIONS = YES;
				CLANG_WARN_DIRECT_OBJC_ISA_USAGE = YES_ERROR;
				CLANG_WARN_DOCUMENTATION_COMMENTS = YES;
				CLANG_WARN_EMPTY_BODY = YES;
				CLANG_WARN_ENUM_CONVERSION = YES;
				CLANG_WARN_INFINITE_RECURSION = YES;
				CLANG_WARN_INT_CONVERSION = YES;
				CLANG_WARN_NON_LITERAL_NULL_CONVERSION = YES;
				CLANG_WARN_OBJC_IMPLICIT_RETAIN_SELF = YES;
				CLANG_WARN_OBJC_LITERAL_CONVERSION = YES;
				CLANG_WARN_OBJC_ROOT_CLASS = YES_ERROR;
				CLANG_WARN_RANGE_LOOP_ANALYSIS = YES;
				CLANG_WARN_STRICT_PROTOTYPES = YES;
				CLANG_WARN_SUSPICIOUS_MOVE = YES;
				CLANG_WARN_UNGUARDED_AVAILABILITY = YES_AGGRESSIVE;
				CLANG_WARN_UNREACHABLE_CODE = YES;
				CLANG_WARN__DUPLICATE_METHOD_MATCH = YES;
				CODE_SIGN_IDENTITY = "iPhone Developer";
				COPY_PHASE_STRIP = NO;
				DEBUG_INFORMATION_FORMAT = dwarf;
				ENABLE_STRICT_OBJC_MSGSEND = YES;
				ENABLE_TESTABILITY = YES;
				GCC_C_LANGUAGE_STANDARD = gnu11;
				GCC_DYNAMIC_NO_PIC = NO;
				GCC_NO_COMMON_BLOCKS = YES;
				GCC_OPTIMIZATION_LEVEL = 0;
				GCC_PREPROCESSOR_DEFINITIONS = (
					"DEBUG=1",
					"$(inherited)",
				);
				GCC_WARN_64_TO_32_BIT_CONVERSION = YES;
				GCC_WARN_ABOUT_RETURN_TYPE = YES_ERROR;
				GCC_WARN_UNDECLARED_SELECTOR = YES;
				GCC_WARN_UNINITIALIZED_AUTOS = YES_AGGRESSIVE;
				GCC_WARN_UNUSED_FUNCTION = YES;
				GCC_WARN_UNUSED_VARIABLE = YES;
				IPHONEOS_DEPLOYMENT_TARGET = 11.4;
				MTL_ENABLE_DEBUG_INFO = YES;
				ONLY_ACTIVE_ARCH = YES;
				SDKROOT = iphoneos;
				SWIFT_ACTIVE_COMPILATION_CONDITIONS = DEBUG;
				SWIFT_OPTIMIZATION_LEVEL = "-Onone";
			};
			name = Debug;
		};
		A75B2841212D46E00034C996 /* Release */ = {
			isa = XCBuildConfiguration;
			buildSettings = {
				ALWAYS_SEARCH_USER_PATHS = NO;
				CLANG_ANALYZER_NONNULL = YES;
				CLANG_ANALYZER_NUMBER_OBJECT_CONVERSION = YES_AGGRESSIVE;
				CLANG_CXX_LANGUAGE_STANDARD = "gnu++14";
				CLANG_CXX_LIBRARY = "libc++";
				CLANG_ENABLE_MODULES = YES;
				CLANG_ENABLE_OBJC_ARC = YES;
				CLANG_ENABLE_OBJC_WEAK = YES;
				CLANG_WARN_BLOCK_CAPTURE_AUTORELEASING = YES;
				CLANG_WARN_BOOL_CONVERSION = YES;
				CLANG_WARN_COMMA = YES;
				CLANG_WARN_CONSTANT_CONVERSION = YES;
				CLANG_WARN_DEPRECATED_OBJC_IMPLEMENTATIONS = YES;
				CLANG_WARN_DIRECT_OBJC_ISA_USAGE = YES_ERROR;
				CLANG_WARN_DOCUMENTATION_COMMENTS = YES;
				CLANG_WARN_EMPTY_BODY = YES;
				CLANG_WARN_ENUM_CONVERSION = YES;
				CLANG_WARN_INFINITE_RECURSION = YES;
				CLANG_WARN_INT_CONVERSION = YES;
				CLANG_WARN_NON_LITERAL_NULL_CONVERSION = YES;
				CLANG_WARN_OBJC_IMPLICIT_RETAIN_SELF = YES;
				CLANG_WARN_OBJC_LITERAL_CONVERSION = YES;
				CLANG_WARN_OBJC_ROOT_CLASS = YES_ERROR;
				CLANG_WARN_RANGE_LOOP_ANALYSIS = YES;
				CLANG_WARN_STRICT_PROTOTYPES = YES;
				CLANG_WARN_SUSPICIOUS_MOVE = YES;
				CLANG_WARN_UNGUARDED_AVAILABILITY = YES_AGGRESSIVE;
				CLANG_WARN_UNREACHABLE_CODE = YES;
				CLANG_WARN__DUPLICATE_METHOD_MATCH = YES;
				CODE_SIGN_IDENTITY = "iPhone Developer";
				COPY_PHASE_STRIP = NO;
				DEBUG_INFORMATION_FORMAT = "dwarf-with-dsym";
				ENABLE_NS_ASSERTIONS = NO;
				ENABLE_STRICT_OBJC_MSGSEND = YES;
				GCC_C_LANGUAGE_STANDARD = gnu11;
				GCC_NO_COMMON_BLOCKS = YES;
				GCC_WARN_64_TO_32_BIT_CONVERSION = YES;
				GCC_WARN_ABOUT_RETURN_TYPE = YES_ERROR;
				GCC_WARN_UNDECLARED_SELECTOR = YES;
				GCC_WARN_UNINITIALIZED_AUTOS = YES_AGGRESSIVE;
				GCC_WARN_UNUSED_FUNCTION = YES;
				GCC_WARN_UNUSED_VARIABLE = YES;
				IPHONEOS_DEPLOYMENT_TARGET = 11.4;
				MTL_ENABLE_DEBUG_INFO = NO;
				SDKROOT = iphoneos;
				SWIFT_COMPILATION_MODE = wholemodule;
				SWIFT_OPTIMIZATION_LEVEL = "-O";
				VALIDATE_PRODUCT = YES;
			};
			name = Release;
		};
		A75B2843212D46E00034C996 /* Debug */ = {
			isa = XCBuildConfiguration;
			baseConfigurationReference = 01F59207A03CB08CEF9324C8 /* Pods-ChartsDemo.debug.xcconfig */;
			buildSettings = {
				ASSETCATALOG_COMPILER_APPICON_NAME = AppIcon;
				CODE_SIGN_STYLE = Automatic;
				DEVELOPMENT_TEAM = PWAE68LQUM;
				INFOPLIST_FILE = ChartsDemo/Info.plist;
				LD_RUNPATH_SEARCH_PATHS = (
					"$(inherited)",
					"@executable_path/Frameworks",
				);
				PRODUCT_BUNDLE_IDENTIFIER = com.nanxinlin.ChartsDemo;
				PRODUCT_NAME = "$(TARGET_NAME)";
				SWIFT_VERSION = 4.0;
				TARGETED_DEVICE_FAMILY = "1,2";
			};
			name = Debug;
		};
		A75B2844212D46E00034C996 /* Release */ = {
			isa = XCBuildConfiguration;
			baseConfigurationReference = 31895FE5BD8C7008BAE58808 /* Pods-ChartsDemo.release.xcconfig */;
			buildSettings = {
				ASSETCATALOG_COMPILER_APPICON_NAME = AppIcon;
				CODE_SIGN_STYLE = Automatic;
				DEVELOPMENT_TEAM = PWAE68LQUM;
				INFOPLIST_FILE = ChartsDemo/Info.plist;
				LD_RUNPATH_SEARCH_PATHS = (
					"$(inherited)",
					"@executable_path/Frameworks",
				);
				PRODUCT_BUNDLE_IDENTIFIER = com.nanxinlin.ChartsDemo;
				PRODUCT_NAME = "$(TARGET_NAME)";
				SWIFT_VERSION = 4.0;
				TARGETED_DEVICE_FAMILY = "1,2";
			};
			name = Release;
		};
		A791EADD2132AA4400B26DD2 /* Debug */ = {
			isa = XCBuildConfiguration;
			baseConfigurationReference = B074152F9D8FB1D8649670B2 /* Pods-ChartsDemo3.debug.xcconfig */;
			buildSettings = {
				ASSETCATALOG_COMPILER_APPICON_NAME = AppIcon;
				CODE_SIGN_STYLE = Automatic;
				DEVELOPMENT_TEAM = PWAE68LQUM;
				INFOPLIST_FILE = ChartsDemo3/Info.plist;
				LD_RUNPATH_SEARCH_PATHS = (
					"$(inherited)",
					"@executable_path/Frameworks",
				);
				PRODUCT_BUNDLE_IDENTIFIER = com.nanxinlin.ChartsDemo3;
				PRODUCT_NAME = "$(TARGET_NAME)";
				SWIFT_VERSION = 4.0;
				TARGETED_DEVICE_FAMILY = "1,2";
			};
			name = Debug;
		};
		A791EADE2132AA4400B26DD2 /* Release */ = {
			isa = XCBuildConfiguration;
			baseConfigurationReference = 4820E34435AEF1ADFF56A7D8 /* Pods-ChartsDemo3.release.xcconfig */;
			buildSettings = {
				ASSETCATALOG_COMPILER_APPICON_NAME = AppIcon;
				CODE_SIGN_STYLE = Automatic;
				DEVELOPMENT_TEAM = PWAE68LQUM;
				INFOPLIST_FILE = ChartsDemo3/Info.plist;
				LD_RUNPATH_SEARCH_PATHS = (
					"$(inherited)",
					"@executable_path/Frameworks",
				);
				PRODUCT_BUNDLE_IDENTIFIER = com.nanxinlin.ChartsDemo3;
				PRODUCT_NAME = "$(TARGET_NAME)";
				SWIFT_VERSION = 4.0;
				TARGETED_DEVICE_FAMILY = "1,2";
			};
			name = Release;
		};
		A7A8A4A82139249E00D307EF /* Debug */ = {
			isa = XCBuildConfiguration;
			baseConfigurationReference = 200795ED43C2EB5520E3AC1A /* Pods-ChartsDemo4.debug.xcconfig */;
			buildSettings = {
				ASSETCATALOG_COMPILER_APPICON_NAME = AppIcon;
				CODE_SIGN_STYLE = Automatic;
				DEVELOPMENT_TEAM = PWAE68LQUM;
				INFOPLIST_FILE = ChartsDemo4/Info.plist;
				LD_RUNPATH_SEARCH_PATHS = (
					"$(inherited)",
					"@executable_path/Frameworks",
				);
				PRODUCT_BUNDLE_IDENTIFIER = com.nanxinlin.ChartsDemo4;
				PRODUCT_NAME = "$(TARGET_NAME)";
				SWIFT_VERSION = 4.0;
				TARGETED_DEVICE_FAMILY = "1,2";
			};
			name = Debug;
		};
		A7A8A4A92139249E00D307EF /* Release */ = {
			isa = XCBuildConfiguration;
			baseConfigurationReference = 27D267F4D0D7D39782E3F04B /* Pods-ChartsDemo4.release.xcconfig */;
			buildSettings = {
				ASSETCATALOG_COMPILER_APPICON_NAME = AppIcon;
				CODE_SIGN_STYLE = Automatic;
				DEVELOPMENT_TEAM = PWAE68LQUM;
				INFOPLIST_FILE = ChartsDemo4/Info.plist;
				LD_RUNPATH_SEARCH_PATHS = (
					"$(inherited)",
					"@executable_path/Frameworks",
				);
				PRODUCT_BUNDLE_IDENTIFIER = com.nanxinlin.ChartsDemo4;
				PRODUCT_NAME = "$(TARGET_NAME)";
				SWIFT_VERSION = 4.0;
				TARGETED_DEVICE_FAMILY = "1,2";
			};
			name = Release;
		};
		A7F3E8CE212FE5CB0034847D /* Debug */ = {
			isa = XCBuildConfiguration;
			baseConfigurationReference = 3EEC4DA8030C7DC64EECC2BF /* Pods-ChartsDemo1.debug.xcconfig */;
			buildSettings = {
				ASSETCATALOG_COMPILER_APPICON_NAME = AppIcon;
				CODE_SIGN_IDENTITY = "iPhone Developer";
				CODE_SIGN_STYLE = Automatic;
				DEVELOPMENT_TEAM = PWAE68LQUM;
				INFOPLIST_FILE = ChartsDemo1/Info.plist;
				LD_RUNPATH_SEARCH_PATHS = (
					"$(inherited)",
					"@executable_path/Frameworks",
				);
				PRODUCT_BUNDLE_IDENTIFIER = com.nanxinlin.ChartsDemo1;
				PRODUCT_NAME = "$(TARGET_NAME)";
				PROVISIONING_PROFILE_SPECIFIER = "";
				SWIFT_VERSION = 4.0;
				TARGETED_DEVICE_FAMILY = "1,2";
			};
			name = Debug;
		};
		A7F3E8CF212FE5CB0034847D /* Release */ = {
			isa = XCBuildConfiguration;
			baseConfigurationReference = 70BEB9A29CB5FD30E040EEE5 /* Pods-ChartsDemo1.release.xcconfig */;
			buildSettings = {
				ASSETCATALOG_COMPILER_APPICON_NAME = AppIcon;
				CODE_SIGN_IDENTITY = "iPhone Developer";
				CODE_SIGN_STYLE = Automatic;
				DEVELOPMENT_TEAM = PWAE68LQUM;
				INFOPLIST_FILE = ChartsDemo1/Info.plist;
				LD_RUNPATH_SEARCH_PATHS = (
					"$(inherited)",
					"@executable_path/Frameworks",
				);
				PRODUCT_BUNDLE_IDENTIFIER = com.nanxinlin.ChartsDemo1;
				PRODUCT_NAME = "$(TARGET_NAME)";
				PROVISIONING_PROFILE_SPECIFIER = "";
				SWIFT_VERSION = 4.0;
				TARGETED_DEVICE_FAMILY = "1,2";
			};
			name = Release;
		};
		A7F3E9132130472E0034847D /* Debug */ = {
			isa = XCBuildConfiguration;
			baseConfigurationReference = 5931FED8C4EAF41DE8974955 /* Pods-ChartsDemo2.debug.xcconfig */;
			buildSettings = {
				ASSETCATALOG_COMPILER_APPICON_NAME = AppIcon;
				CODE_SIGN_STYLE = Automatic;
				DEVELOPMENT_TEAM = PWAE68LQUM;
				INFOPLIST_FILE = ChartsDemo2/Info.plist;
				LD_RUNPATH_SEARCH_PATHS = (
					"$(inherited)",
					"@executable_path/Frameworks",
				);
				PRODUCT_BUNDLE_IDENTIFIER = com.nanxinlin.ChartsDemo2;
				PRODUCT_NAME = "$(TARGET_NAME)";
				SWIFT_VERSION = 4.0;
				TARGETED_DEVICE_FAMILY = "1,2";
			};
			name = Debug;
		};
		A7F3E9142130472E0034847D /* Release */ = {
			isa = XCBuildConfiguration;
			baseConfigurationReference = B46EB838827820ED999C89C1 /* Pods-ChartsDemo2.release.xcconfig */;
			buildSettings = {
				ASSETCATALOG_COMPILER_APPICON_NAME = AppIcon;
				CODE_SIGN_STYLE = Automatic;
				DEVELOPMENT_TEAM = PWAE68LQUM;
				INFOPLIST_FILE = ChartsDemo2/Info.plist;
				LD_RUNPATH_SEARCH_PATHS = (
					"$(inherited)",
					"@executable_path/Frameworks",
				);
				PRODUCT_BUNDLE_IDENTIFIER = com.nanxinlin.ChartsDemo2;
				PRODUCT_NAME = "$(TARGET_NAME)";
				SWIFT_VERSION = 4.0;
				TARGETED_DEVICE_FAMILY = "1,2";
			};
			name = Release;
		};
/* End XCBuildConfiguration section */

/* Begin XCConfigurationList section */
		A70958C0213C162A00FA749A /* Build configuration list for PBXNativeTarget "ChartsDemo5" */ = {
			isa = XCConfigurationList;
			buildConfigurations = (
				A70958BE213C162A00FA749A /* Debug */,
				A70958BF213C162A00FA749A /* Release */,
			);
			defaultConfigurationIsVisible = 0;
			defaultConfigurationName = Release;
		};
		A70958D7213CE4B100FA749A /* Build configuration list for PBXNativeTarget "ChartsDemo6" */ = {
			isa = XCConfigurationList;
			buildConfigurations = (
				A70958D5213CE4B100FA749A /* Debug */,
				A70958D6213CE4B100FA749A /* Release */,
			);
			defaultConfigurationIsVisible = 0;
			defaultConfigurationName = Release;
		};
		A70958F0213D5AE100FA749A /* Build configuration list for PBXNativeTarget "ChartsDemo7" */ = {
			isa = XCConfigurationList;
			buildConfigurations = (
				A70958EE213D5AE000FA749A /* Debug */,
				A70958EF213D5AE000FA749A /* Release */,
			);
			defaultConfigurationIsVisible = 0;
			defaultConfigurationName = Release;
		};
		A75B282B212D46DE0034C996 /* Build configuration list for PBXProject "ChartsDemo" */ = {
			isa = XCConfigurationList;
			buildConfigurations = (
				A75B2840212D46E00034C996 /* Debug */,
				A75B2841212D46E00034C996 /* Release */,
			);
			defaultConfigurationIsVisible = 0;
			defaultConfigurationName = Release;
		};
		A75B2842212D46E00034C996 /* Build configuration list for PBXNativeTarget "ChartsDemo" */ = {
			isa = XCConfigurationList;
			buildConfigurations = (
				A75B2843212D46E00034C996 /* Debug */,
				A75B2844212D46E00034C996 /* Release */,
			);
			defaultConfigurationIsVisible = 0;
			defaultConfigurationName = Release;
		};
		A791EADF2132AA4400B26DD2 /* Build configuration list for PBXNativeTarget "ChartsDemo3" */ = {
			isa = XCConfigurationList;
			buildConfigurations = (
				A791EADD2132AA4400B26DD2 /* Debug */,
				A791EADE2132AA4400B26DD2 /* Release */,
			);
			defaultConfigurationIsVisible = 0;
			defaultConfigurationName = Release;
		};
		A7A8A4A72139249E00D307EF /* Build configuration list for PBXNativeTarget "ChartsDemo4" */ = {
			isa = XCConfigurationList;
			buildConfigurations = (
				A7A8A4A82139249E00D307EF /* Debug */,
				A7A8A4A92139249E00D307EF /* Release */,
			);
			defaultConfigurationIsVisible = 0;
			defaultConfigurationName = Release;
		};
		A7F3E8CD212FE5CB0034847D /* Build configuration list for PBXNativeTarget "ChartsDemo1" */ = {
			isa = XCConfigurationList;
			buildConfigurations = (
				A7F3E8CE212FE5CB0034847D /* Debug */,
				A7F3E8CF212FE5CB0034847D /* Release */,
			);
			defaultConfigurationIsVisible = 0;
			defaultConfigurationName = Release;
		};
		A7F3E9122130472E0034847D /* Build configuration list for PBXNativeTarget "ChartsDemo2" */ = {
			isa = XCConfigurationList;
			buildConfigurations = (
				A7F3E9132130472E0034847D /* Debug */,
				A7F3E9142130472E0034847D /* Release */,
			);
			defaultConfigurationIsVisible = 0;
			defaultConfigurationName = Release;
		};
/* End XCConfigurationList section */
	};
	rootObject = A75B2828212D46DE0034C996 /* Project object */;
}
